
Microsoft Visual Studio Solution File, Format Version 12.00
# Visual Studio Version 16
VisualStudioVersion = 16.0.30804.86
MinimumVisualStudioVersion = 10.0.40219.1
Project("{FAE04EC0-301F-11D3-BF4B-00C04F79EFBC}") = "_01_Variables", "_01_DataType\_01_Variables.csproj", "{360CBD23-98C4-47B1-90D2-ABBC113C039E}"
EndProject
Project("{FAE04EC0-301F-11D3-BF4B-00C04F79EFBC}") = "_02_DataType", "_02_DataType\_02_DataType.csproj", "{5F2534F3-77AB-4153-9B41-01A432DF5828}"
EndProject
Project("{FAE04EC0-301F-11D3-BF4B-00C04F79EFBC}") = "_03_Operator", "_03_Operator\_03_Operator.csproj", "{256F6D43-4348-48C1-B9C8-27A26863DC21}"
EndProject
Project("{FAE04EC0-301F-11D3-BF4B-00C04F79EFBC}") = "_04_Operator", "_04_Operator\_04_Operator.csproj", "{6452ABDE-8567-4417-AE0F-91C5A7FDC3F9}"
EndProject
Project("{FAE04EC0-301F-11D3-BF4B-00C04F79EFBC}") = "_05_If", "_05_If\_05_If.csproj", "{2B141597-EECE-4F20-A6CA-3507AAF58CBA}"
EndProject
Project("{FAE04EC0-301F-11D3-BF4B-00C04F79EFBC}") = "_06_If_else", "_06_If_else\_06_If_else.csproj", "{43384772-D1D3-4AE0-84C4-95B2F023F333}"
EndProject
Project("{FAE04EC0-301F-11D3-BF4B-00C04F79EFBC}") = "_07_if_else_elseif", "_07_if_else_elseif\_07_if_else_elseif.csproj", "{0895B13E-B611-4DD0-9B3E-A452661BD410}"
EndProject
Project("{FAE04EC0-301F-11D3-BF4B-00C04F79EFBC}") = "_08_If_arith", "_08_If_arith\_08_If_arith.csproj", "{F2CBB264-C207-46DB-AAF9-3F5C8D3314B8}"
EndProject
Project("{9A19103F-16F7-4668-BE54-9A1E7A4F7556}") = "_09_Switch_case", "_09_switch_case\_09_Switch_case.csproj", "{252A83E9-5932-4E26-B4BB-A92ECBC60EAA}"
EndProject
Project("{9A19103F-16F7-4668-BE54-9A1E7A4F7556}") = "_10_While", "_10_while\_10_While.csproj", "{07994E22-A545-4E81-AFFC-C9B4F1220634}"
EndProject
Project("{9A19103F-16F7-4668-BE54-9A1E7A4F7556}") = "_11_While", "_11_While\_11_While.csproj", "{A2DAA48F-DFF7-4334-9AFC-2D00A9454339}"
EndProject
Project("{9A19103F-16F7-4668-BE54-9A1E7A4F7556}") = "_12_While", "_12_While\_12_While.csproj", "{F031F3A6-B214-48D8-A79C-4C2A417C166A}"
EndProject
Project("{9A19103F-16F7-4668-BE54-9A1E7A4F7556}") = "_13_While", "_13_while\_13_While.csproj", "{6690BACA-644F-4E2B-928C-646427D7CB69}"
EndProject
Project("{9A19103F-16F7-4668-BE54-9A1E7A4F7556}") = "_14_While_Arith", "_14_While_Arith\_14_While_Arith.csproj", "{15F36B8E-0FA4-4BAA-BA93-1DD5CE2CD0F4}"
EndProject
Project("{9A19103F-16F7-4668-BE54-9A1E7A4F7556}") = "_15_While_if_Arith", "_15_While_if_Arith\_15_While_if_Arith.csproj", "{AC8AFBFE-4324-45A6-AA72-8C4927E6641C}"
EndProject
Project("{9A19103F-16F7-4668-BE54-9A1E7A4F7556}") = "_16_Do_while", "_16_Do_while\_16_Do_while.csproj", "{173812AD-FE8E-4A54-93BF-36C209ABF1CB}"
EndProject
Project("{9A19103F-16F7-4668-BE54-9A1E7A4F7556}") = "_17_Do_while_Arith", "_17_Do_while_Arith\_17_Do_while_Arith.csproj", "{6CCA0011-44CF-44EE-B42D-4A6027D3D570}"
EndProject
Project("{9A19103F-16F7-4668-BE54-9A1E7A4F7556}") = "_18_For", "_18_For\_18_For.csproj", "{8814134D-932F-47E5-98D4-D22BCBAC3D0C}"
EndProject
Project("{9A19103F-16F7-4668-BE54-9A1E7A4F7556}") = "_19_For", "_19_For\_19_For.csproj", "{7E803582-C724-456D-8F83-AE286C41C187}"
EndProject
Project("{9A19103F-16F7-4668-BE54-9A1E7A4F7556}") = "_20_Character", "_20_Character\_20_Character.csproj", "{1A1A4DC6-BE11-42E9-9944-03C134503DD3}"
EndProject
Project("{9A19103F-16F7-4668-BE54-9A1E7A4F7556}") = "_21_For", "_21_For\_21_For.csproj", "{FD12F981-6BA5-4A5E-90BA-2937D8346922}"
EndProject
Project("{9A19103F-16F7-4668-BE54-9A1E7A4F7556}") = "_22_For", "_22_For\_22_For.csproj", "{929EFC42-5311-4192-B5FF-A00789C11955}"
EndProject
Project("{9A19103F-16F7-4668-BE54-9A1E7A4F7556}") = "_23_For", "_23_For\_23_For.csproj", "{0A0953E3-877C-4C5A-BEAF-5C10A65C3FB6}"
EndProject
Project("{9A19103F-16F7-4668-BE54-9A1E7A4F7556}") = "_24_Array", "_24_Array\_24_Array.csproj", "{A43E5471-7F3B-429A-9388-3DE5F8D7B654}"
EndProject
Project("{9A19103F-16F7-4668-BE54-9A1E7A4F7556}") = "_25_Array", "_25_Array\_25_Array.csproj", "{B047F3C0-1AF4-4C53-8D22-EA743E6E44B6}"
EndProject
Project("{9A19103F-16F7-4668-BE54-9A1E7A4F7556}") = "_26_Break", "_26_Break\_26_Break.csproj", "{2A135A76-853A-43C3-A7EA-26E9E0068299}"
EndProject
Project("{9A19103F-16F7-4668-BE54-9A1E7A4F7556}") = "_27_Continue", "_27_Continue\_27_Continue.csproj", "{4B7CD0F4-F702-44C0-A3C4-716592F2D869}"
EndProject
Project("{9A19103F-16F7-4668-BE54-9A1E7A4F7556}") = "_28_MoveShap", "_28_MoveShap\_28_MoveShap.csproj", "{D641B41C-D2D3-47A8-84BD-CE4FE561DFB3}"
EndProject
Project("{9A19103F-16F7-4668-BE54-9A1E7A4F7556}") = "_29_MoveSharp", "_29_MoveSharp\_29_MoveSharp.csproj", "{6700882F-4A98-41D0-A7B0-93E214FDE778}"
EndProject
Project("{9A19103F-16F7-4668-BE54-9A1E7A4F7556}") = "_30_MoveSharp", "_30_MoveSharp\_30_MoveSharp.csproj", "{FF7DC669-A990-4FF4-80E0-E6C5DFFED7E2}"
EndProject
Project("{9A19103F-16F7-4668-BE54-9A1E7A4F7556}") = "_001_Homework_0520", "_001_Homework\_001_Homework_0520.csproj", "{85B2321E-3274-40DA-8B6E-53CD110754B1}"
EndProject
Project("{9A19103F-16F7-4668-BE54-9A1E7A4F7556}") = "_002_Homework_0521", "_002_Homework_05.21\_002_Homework_0521.csproj", "{0F7D8007-ABEB-4556-BCF7-D51E053F3057}"
EndProject
Project("{9A19103F-16F7-4668-BE54-9A1E7A4F7556}") = "_31_Array", "_31_Array\_31_Array.csproj", "{8065FF41-1F00-4BF9-82B1-BE47D0E790FD}"
EndProject
Project("{9A19103F-16F7-4668-BE54-9A1E7A4F7556}") = "_32_Array", "_32_Array\_32_Array.csproj", "{3113A906-7F08-4536-B863-69B25E269264}"
EndProject
Project("{9A19103F-16F7-4668-BE54-9A1E7A4F7556}") = "_33_Array", "_33_Array\_33_Array.csproj", "{D36390C2-2DD5-4BD2-B182-3DD5C9C74C5E}"
EndProject
Project("{9A19103F-16F7-4668-BE54-9A1E7A4F7556}") = "_34_Method", "_34_Method\_34_Method.csproj", "{82392A3B-F8C9-4568-AB47-C4D9E10913C1}"
EndProject
Project("{9A19103F-16F7-4668-BE54-9A1E7A4F7556}") = "_35_Method", "_35_Method\_35_Method.csproj", "{CA5F9BEE-F9C7-4E4D-87E9-8B873DF098AF}"
EndProject
Project("{9A19103F-16F7-4668-BE54-9A1E7A4F7556}") = "_36_Class", "_36_Class\_36_Class.csproj", "{B46D7DD2-3027-4717-9853-3FA5AD759261}"
EndProject
Project("{9A19103F-16F7-4668-BE54-9A1E7A4F7556}") = "_37_Class", "_37_Class\_37_Class.csproj", "{1E596CA9-9961-4AC4-AC05-5BB39E61193C}"
EndProject
Project("{9A19103F-16F7-4668-BE54-9A1E7A4F7556}") = "_38_Class", "_38_Class\_38_Class.csproj", "{848300DA-AD41-46D0-AFD2-841AC0608E4B}"
EndProject
Project("{9A19103F-16F7-4668-BE54-9A1E7A4F7556}") = "_39_Class", "_39_class\_39_Class.csproj", "{7E19EF18-0E7A-43D3-A6B5-1560F91B473E}"
EndProject
Project("{9A19103F-16F7-4668-BE54-9A1E7A4F7556}") = "_40_StaticMethod", "_40_StaticMethod\_40_StaticMethod.csproj", "{497A21C9-FB55-4090-ABFD-E1E38718FBE8}"
EndProject
Project("{9A19103F-16F7-4668-BE54-9A1E7A4F7556}") = "_41_ClassMethod", "_41_ClassMethod\_41_ClassMethod.csproj", "{8DBDF2ED-A16F-4990-8F1D-21BFC9EAF411}"
EndProject
Project("{9A19103F-16F7-4668-BE54-9A1E7A4F7556}") = "_42_ClassRestaurant", "_42_ClassRestaurant\_42_ClassRestaurant.csproj", "{FE3E0483-7D32-468A-B768-AF52240E3E99}"
EndProject
Project("{9A19103F-16F7-4668-BE54-9A1E7A4F7556}") = "_43_ClassRestaurnt", "_43_ClassRestaurnt\_43_ClassRestaurnt.csproj", "{DA083A98-B358-4664-995D-F7B9298D1950}"
EndProject
Project("{9A19103F-16F7-4668-BE54-9A1E7A4F7556}") = "_44_ClassRestaurant", "_44_ClassRestaurant\_44_ClassRestaurant.csproj", "{016A6A4D-F8D7-4C9E-9FDA-D9EE5B3A7095}"
EndProject
Project("{9A19103F-16F7-4668-BE54-9A1E7A4F7556}") = "_45_ClassToClass", "_45_ClassToClass\_45_ClassToClass.csproj", "{FB799D6A-6C68-4517-982E-4C99B714E223}"
EndProject
Project("{9A19103F-16F7-4668-BE54-9A1E7A4F7556}") = "_003_Homework_0524", "_003_Homework_0524\_003_Homework_0524.csproj", "{E062ACD9-676A-4131-9EBA-B70F50282D05}"
EndProject
Project("{9A19103F-16F7-4668-BE54-9A1E7A4F7556}") = "_46_Array", "_46_Array\_46_Array.csproj", "{756F3D2E-2C3A-431F-AB62-85A924855DAA}"
EndProject
Project("{9A19103F-16F7-4668-BE54-9A1E7A4F7556}") = "_47_Array", "_47_Array\_47_Array.csproj", "{41AF09AD-FBC7-4CB9-ABE4-680838383A50}"
EndProject
Project("{9A19103F-16F7-4668-BE54-9A1E7A4F7556}") = "_48_Array", "_48_Array\_48_Array.csproj", "{6B094D91-7E4B-4C00-BF19-1A5A8EBFDF6B}"
EndProject
Project("{9A19103F-16F7-4668-BE54-9A1E7A4F7556}") = "_49_stack_heap", "_49_stack_heap\_49_stack_heap.csproj", "{4FD4BCDE-130D-4625-A608-267F7ABC3409}"
EndProject
Project("{9A19103F-16F7-4668-BE54-9A1E7A4F7556}") = "_50_Array", "_50_Array\_50_Array.csproj", "{C5319E9E-0F25-4DD1-9C53-6F12C26FDCAA}"
EndProject
Project("{9A19103F-16F7-4668-BE54-9A1E7A4F7556}") = "_51_ArrayList", "_51_ArrayList\_51_ArrayList.csproj", "{1E1E4383-C569-4B53-B060-0A72BCEC433F}"
EndProject
Project("{9A19103F-16F7-4668-BE54-9A1E7A4F7556}") = "_52_HashTable", "_52_HashTable\_52_HashTable.csproj", "{89E682F4-63D7-4A0E-969C-38CCD952039E}"
EndProject
Project("{9A19103F-16F7-4668-BE54-9A1E7A4F7556}") = "_53_Stack", "_53_Stack\_53_Stack.csproj", "{E073D67A-5E82-49EA-AD6E-B6E0D0A3E4F0}"
EndProject
Project("{9A19103F-16F7-4668-BE54-9A1E7A4F7556}") = "_54_Queue", "_54_Queue\_54_Queue.csproj", "{161FCB32-A1AA-457F-84EA-A1DA1BF764B4}"
EndProject
Project("{9A19103F-16F7-4668-BE54-9A1E7A4F7556}") = "_55_DateTime", "_55_DateTime\_55_DateTime.csproj", "{9126EAC7-D479-4394-B695-0C0403B596BB}"
EndProject
Project("{9A19103F-16F7-4668-BE54-9A1E7A4F7556}") = "_56_StopWatch", "_56_StopWatch\_56_StopWatch.csproj", "{B634EBB3-4B26-46C0-8B5A-CC3E78BBB9B1}"
EndProject
Project("{9A19103F-16F7-4668-BE54-9A1E7A4F7556}") = "_57_Random", "_57_Random\_57_Random.csproj", "{0681BC4A-392B-4593-9799-22AC6F3BAAEA}"
EndProject
Project("{9A19103F-16F7-4668-BE54-9A1E7A4F7556}") = "_58_RandomStar", "_58_RandomStar\_58_RandomStar.csproj", "{BD3DC91B-1F1E-491F-B0EF-CCB025E5658C}"
EndProject
Project("{9A19103F-16F7-4668-BE54-9A1E7A4F7556}") = "_004_Homework_0525", "_004_Homework_0525\_004_Homework_0525.csproj", "{1AD4B675-F057-4D4D-9BDE-C750536CC050}"
EndProject
Project("{9A19103F-16F7-4668-BE54-9A1E7A4F7556}") = "_60_AddressMethod_File", "_60_AddressMethod_File\_60_AddressMethod_File.csproj", "{2766135E-18A6-459D-A0D5-4AC7C960E218}"
EndProject
Project("{9A19103F-16F7-4668-BE54-9A1E7A4F7556}") = "_59_AddressMethod", "_59_AddressMethod_1\_59_AddressMethod.csproj", "{BE6BC9E6-C048-45CF-8279-B620E44BD4D7}"
EndProject
Project("{FAE04EC0-301F-11D3-BF4B-00C04F79EFBC}") = "_61_AddressClass", "_61_AddressClass\_61_AddressClass.csproj", "{03BF8738-2C8C-4004-B8FA-524ACFE2F787}"
EndProject
Project("{9A19103F-16F7-4668-BE54-9A1E7A4F7556}") = "_62_NameSpace", "_62_nameSpace\_62_NameSpace.csproj", "{F5B5664F-FE40-4BBA-ACC1-989764A37176}"
EndProject
Project("{9A19103F-16F7-4668-BE54-9A1E7A4F7556}") = "_63_NameSpace", "_64_NameSpace\_63_NameSpace.csproj", "{04A4B1B3-93A1-4459-B7D9-E4D48CADAEB7}"
EndProject
Project("{9A19103F-16F7-4668-BE54-9A1E7A4F7556}") = "_64_NameSpace", "_65_NameSpace\_64_NameSpace.csproj", "{2C263373-01EB-4BCE-B49C-1C3237DA2EA1}"
EndProject
Project("{9A19103F-16F7-4668-BE54-9A1E7A4F7556}") = "_65_Getter_setter", "_65_Getter_setter\_65_Getter_setter.csproj", "{AEEB837C-F718-4CF9-844C-A92CB97B6229}"
EndProject
Project("{9A19103F-16F7-4668-BE54-9A1E7A4F7556}") = "_66_Getter_Setter", "_66_Getter_Setter\_66_Getter_Setter.csproj", "{F96AEFA0-893C-4B18-A336-E1AAB19A63E8}"
EndProject
Project("{9A19103F-16F7-4668-BE54-9A1E7A4F7556}") = "_67_Property", "_67_Property\_67_Property.csproj", "{EAE5126B-9FD4-44B6-BD91-D20500D2DD7D}"
EndProject
Project("{9A19103F-16F7-4668-BE54-9A1E7A4F7556}") = "_68_Property", "_68_Property\_68_Property.csproj", "{6B33BF77-96A7-4957-BE6B-27CBE2765AC4}"
EndProject
Project("{9A19103F-16F7-4668-BE54-9A1E7A4F7556}") = "_69_AutoProperty", "_69_AutoProperty\_69_AutoProperty.csproj", "{0ACBECD9-48A5-458A-BFA7-A1BC14FD7E99}"
EndProject
Project("{9A19103F-16F7-4668-BE54-9A1E7A4F7556}") = "_70_Struct", "_70_Struct\_70_Struct.csproj", "{211DF773-8DED-4A84-A7C2-738D9387DDCB}"
EndProject
Project("{9A19103F-16F7-4668-BE54-9A1E7A4F7556}") = "_71_Struct", "_71_Struct\_71_Struct.csproj", "{66EA7F72-06E2-48FA-AAAF-1B8542BF9A8F}"
EndProject
Project("{9A19103F-16F7-4668-BE54-9A1E7A4F7556}") = "_72_Constant", "_72_Constant\_72_Constant.csproj", "{E14E4FE1-C574-41BC-9859-05DB43238220}"
EndProject
Project("{9A19103F-16F7-4668-BE54-9A1E7A4F7556}") = "_73_Inheritance", "_73_Inheritance\_73_Inheritance.csproj", "{A89B8BD1-4CC4-41C1-A3B8-B80F0BE2D7CD}"
EndProject
Project("{9A19103F-16F7-4668-BE54-9A1E7A4F7556}") = "_74_Inheritance", "_74_Inheritance\_74_Inheritance.csproj", "{16978411-7F15-4E37-9E85-D2ABA34856A7}"
EndProject
Project("{9A19103F-16F7-4668-BE54-9A1E7A4F7556}") = "_79_Polymorphism", "_79_Polymorphism\_79_Polymorphism.csproj", "{CE21DF35-4275-4A6B-9077-5B98777315F4}"
EndProject
Project("{9A19103F-16F7-4668-BE54-9A1E7A4F7556}") = "_80_Polymorphism", "_80_Polymorphism\_80_Polymorphism.csproj", "{5038EBEB-C955-4E5B-897C-1EC0FD7E7A12}"
EndProject
Project("{9A19103F-16F7-4668-BE54-9A1E7A4F7556}") = "_81_Virtual", "_81_Virtual\_81_Virtual.csproj", "{1BCEAD25-7471-42BD-A76A-A89250078445}"
EndProject
Project("{9A19103F-16F7-4668-BE54-9A1E7A4F7556}") = "_75_Overriding", "_75_Overriding\_75_Overriding.csproj", "{59BD619C-0976-4FFA-A182-D2E0391BE24A}"
EndProject
Project("{9A19103F-16F7-4668-BE54-9A1E7A4F7556}") = "_76_Overriding", "_76_Overriding\_76_Overriding.csproj", "{055CDC40-88DF-4B86-8FCC-C28E66230026}"
EndProject
Project("{9A19103F-16F7-4668-BE54-9A1E7A4F7556}") = "_77_Parent_var_child_obj", "_77_Parent_var_child_obj\_77_Parent_var_child_obj.csproj", "{CF0D4052-B63B-463F-AEC8-11989F61B99F}"
EndProject
Project("{9A19103F-16F7-4668-BE54-9A1E7A4F7556}") = "_78_Object", "_78_Object\_78_Object.csproj", "{C1DE4F0B-31EE-4379-B02C-6C9391C48422}"
EndProject
Project("{9A19103F-16F7-4668-BE54-9A1E7A4F7556}") = "_005_Homework_0601", "_005_Homework_0601\_005_Homework_0601.csproj", "{2CDD0BD3-B658-4C1A-946A-80FA8E5B8104}"
EndProject
Project("{9A19103F-16F7-4668-BE54-9A1E7A4F7556}") = "_83_Virtual", "_83_Virtual\_83_Virtual.csproj", "{FFF402E2-2B5C-431C-8853-5489A699D78C}"
EndProject
Project("{9A19103F-16F7-4668-BE54-9A1E7A4F7556}") = "_82_Virtual", "_82_Virtual\_82_Virtual.csproj", "{24738FEF-F641-4E67-831D-B73A05C77091}"
EndProject
Project("{9A19103F-16F7-4668-BE54-9A1E7A4F7556}") = "_84_Virtual", "_84_Virtual\_84_Virtual.csproj", "{1E5EBF68-CF67-47F4-95CB-55625F925486}"
EndProject
Project("{9A19103F-16F7-4668-BE54-9A1E7A4F7556}") = "_85_AbstractClass", "_85_AbstractClass\_85_AbstractClass.csproj", "{B5D4A289-23EA-4502-9685-C04EBAFA8158}"
EndProject
Project("{9A19103F-16F7-4668-BE54-9A1E7A4F7556}") = "_86_ImplementStarUnit", "_86_Interface\_86_ImplementStarUnit.csproj", "{E66847E4-FB33-4546-837B-BF0251BEDDB0}"
EndProject
Project("{9A19103F-16F7-4668-BE54-9A1E7A4F7556}") = "_87_AbstractStarUnit", "_87_AbstractClass\_87_AbstractStarUnit.csproj", "{7EB7E3BB-2399-44C4-9054-7970ABEA0507}"
EndProject
Project("{9A19103F-16F7-4668-BE54-9A1E7A4F7556}") = "_88_InterfaceStarUnit", "_88_InterfaceStarUnit\_88_InterfaceStarUnit.csproj", "{B5158AAC-B5D8-4461-BC9A-24EA21977897}"
EndProject
Project("{9A19103F-16F7-4668-BE54-9A1E7A4F7556}") = "_89_Using_interface", "_89_Using_interface\_89_Using_interface.csproj", "{50520CDF-5366-4854-B71C-56A35151621C}"
EndProject
Project("{9A19103F-16F7-4668-BE54-9A1E7A4F7556}") = "_90_Deligate", "_90_Deligate\_90_Deligate.csproj", "{10158D22-A99A-4CA1-AA5E-F95D867386E9}"
EndProject
Project("{9A19103F-16F7-4668-BE54-9A1E7A4F7556}") = "_006_Homework_0602", "006_Homework_0602\_006_Homework_0602.csproj", "{7D916944-446D-46AB-B356-9D17FB86DE7C}"
EndProject
Project("{9A19103F-16F7-4668-BE54-9A1E7A4F7556}") = "_91_Deligate", "_61_Delegate\_91_Deligate.csproj", "{3106BCF7-A676-4342-8E8D-ED7B677B89C8}"
EndProject
Project("{9A19103F-16F7-4668-BE54-9A1E7A4F7556}") = "_92_Delegate", "_92_Delegate\_92_Delegate.csproj", "{51E26169-9DEE-4D3C-979D-267A01228D56}"
EndProject
Project("{9A19103F-16F7-4668-BE54-9A1E7A4F7556}") = "_93_Delegate", "_93_Delegate\_93_Delegate.csproj", "{E143A373-82CA-4A6F-A465-DECCEBCDD941}"
EndProject
Project("{9A19103F-16F7-4668-BE54-9A1E7A4F7556}") = "_94_Delegate", "_194_Delegate\_94_Delegate.csproj", "{821F0EBE-16F9-42A5-9FEE-07180BFD8291}"
EndProject
Project("{9A19103F-16F7-4668-BE54-9A1E7A4F7556}") = "_95_Delegate", "_95_Delegate\_95_Delegate.csproj", "{92A112BC-6114-4F87-A80F-1CB40AC38800}"
EndProject
Project("{9A19103F-16F7-4668-BE54-9A1E7A4F7556}") = "_96_Delegate", "_96_Deligate\_96_Delegate.csproj", "{7E9E1034-8503-4804-822F-338488EF7369}"
EndProject
Project("{9A19103F-16F7-4668-BE54-9A1E7A4F7556}") = "_97_Delegate_event", "_97_Delegate_event\_97_Delegate_event.csproj", "{D9605F39-6B8C-48BF-8036-8AEDCBB18E87}"
EndProject
Project("{9A19103F-16F7-4668-BE54-9A1E7A4F7556}") = "_99_NetworkStreamServer", "_99_NetworkStreamServer\_99_NetworkStreamServer.csproj", "{B2BA5823-734A-429E-91D8-5D0C8953DAB1}"
EndProject
Project("{9A19103F-16F7-4668-BE54-9A1E7A4F7556}") = "_007_Homework_0603_Solve", "_007_Homework_0603\_007_Homework_0603_Solve.csproj", "{C72659EF-3B8E-4833-8374-1FBA9456E279}"
EndProject
Project("{9A19103F-16F7-4668-BE54-9A1E7A4F7556}") = "_100_NetworkStreamClient", "_100_NetworkStreamClient\_100_NetworkStreamClient.csproj", "{DBC9E534-499A-4397-BB24-FBECEAFB72DB}"
EndProject
Project("{9A19103F-16F7-4668-BE54-9A1E7A4F7556}") = "_101_NetworkStreamLoopServer", "_101_NetworkStreamLoopServer\_101_NetworkStreamLoopServer.csproj", "{6354B77C-F895-45C8-AB08-E99A008CD1C9}"
EndProject
Project("{9A19103F-16F7-4668-BE54-9A1E7A4F7556}") = "_102_NetworkStreamLoopClient", "_102_NetworkStreamLoopClient\_102_NetworkStreamLoopClient.csproj", "{2EBE1551-CD58-4781-8032-D3B99A472B47}"
EndProject
Project("{FAE04EC0-301F-11D3-BF4B-00C04F79EFBC}") = "_98_polymorphism_Address", "..\_98_polymorphism_Address\_98_polymorphism_Address.csproj", "{B0300345-1C74-499B-BE2B-4EBFCC315CA9}"
EndProject
Global
	GlobalSection(SolutionConfigurationPlatforms) = preSolution
		Debug|Any CPU = Debug|Any CPU
		Release|Any CPU = Release|Any CPU
	EndGlobalSection
	GlobalSection(ProjectConfigurationPlatforms) = postSolution
		{360CBD23-98C4-47B1-90D2-ABBC113C039E}.Debug|Any CPU.ActiveCfg = Debug|Any CPU
		{360CBD23-98C4-47B1-90D2-ABBC113C039E}.Debug|Any CPU.Build.0 = Debug|Any CPU
		{360CBD23-98C4-47B1-90D2-ABBC113C039E}.Release|Any CPU.ActiveCfg = Release|Any CPU
		{360CBD23-98C4-47B1-90D2-ABBC113C039E}.Release|Any CPU.Build.0 = Release|Any CPU
		{5F2534F3-77AB-4153-9B41-01A432DF5828}.Debug|Any CPU.ActiveCfg = Debug|Any CPU
		{5F2534F3-77AB-4153-9B41-01A432DF5828}.Debug|Any CPU.Build.0 = Debug|Any CPU
		{5F2534F3-77AB-4153-9B41-01A432DF5828}.Release|Any CPU.ActiveCfg = Release|Any CPU
		{5F2534F3-77AB-4153-9B41-01A432DF5828}.Release|Any CPU.Build.0 = Release|Any CPU
		{256F6D43-4348-48C1-B9C8-27A26863DC21}.Debug|Any CPU.ActiveCfg = Debug|Any CPU
		{256F6D43-4348-48C1-B9C8-27A26863DC21}.Debug|Any CPU.Build.0 = Debug|Any CPU
		{256F6D43-4348-48C1-B9C8-27A26863DC21}.Release|Any CPU.ActiveCfg = Release|Any CPU
		{256F6D43-4348-48C1-B9C8-27A26863DC21}.Release|Any CPU.Build.0 = Release|Any CPU
		{6452ABDE-8567-4417-AE0F-91C5A7FDC3F9}.Debug|Any CPU.ActiveCfg = Debug|Any CPU
		{6452ABDE-8567-4417-AE0F-91C5A7FDC3F9}.Debug|Any CPU.Build.0 = Debug|Any CPU
		{6452ABDE-8567-4417-AE0F-91C5A7FDC3F9}.Release|Any CPU.ActiveCfg = Release|Any CPU
		{6452ABDE-8567-4417-AE0F-91C5A7FDC3F9}.Release|Any CPU.Build.0 = Release|Any CPU
		{2B141597-EECE-4F20-A6CA-3507AAF58CBA}.Debug|Any CPU.ActiveCfg = Debug|Any CPU
		{2B141597-EECE-4F20-A6CA-3507AAF58CBA}.Debug|Any CPU.Build.0 = Debug|Any CPU
		{2B141597-EECE-4F20-A6CA-3507AAF58CBA}.Release|Any CPU.ActiveCfg = Release|Any CPU
		{2B141597-EECE-4F20-A6CA-3507AAF58CBA}.Release|Any CPU.Build.0 = Release|Any CPU
		{43384772-D1D3-4AE0-84C4-95B2F023F333}.Debug|Any CPU.ActiveCfg = Debug|Any CPU
		{43384772-D1D3-4AE0-84C4-95B2F023F333}.Debug|Any CPU.Build.0 = Debug|Any CPU
		{43384772-D1D3-4AE0-84C4-95B2F023F333}.Release|Any CPU.ActiveCfg = Release|Any CPU
		{43384772-D1D3-4AE0-84C4-95B2F023F333}.Release|Any CPU.Build.0 = Release|Any CPU
		{0895B13E-B611-4DD0-9B3E-A452661BD410}.Debug|Any CPU.ActiveCfg = Debug|Any CPU
		{0895B13E-B611-4DD0-9B3E-A452661BD410}.Debug|Any CPU.Build.0 = Debug|Any CPU
		{0895B13E-B611-4DD0-9B3E-A452661BD410}.Release|Any CPU.ActiveCfg = Release|Any CPU
		{0895B13E-B611-4DD0-9B3E-A452661BD410}.Release|Any CPU.Build.0 = Release|Any CPU
		{F2CBB264-C207-46DB-AAF9-3F5C8D3314B8}.Debug|Any CPU.ActiveCfg = Debug|Any CPU
		{F2CBB264-C207-46DB-AAF9-3F5C8D3314B8}.Debug|Any CPU.Build.0 = Debug|Any CPU
		{F2CBB264-C207-46DB-AAF9-3F5C8D3314B8}.Release|Any CPU.ActiveCfg = Release|Any CPU
		{F2CBB264-C207-46DB-AAF9-3F5C8D3314B8}.Release|Any CPU.Build.0 = Release|Any CPU
		{252A83E9-5932-4E26-B4BB-A92ECBC60EAA}.Debug|Any CPU.ActiveCfg = Debug|Any CPU
		{252A83E9-5932-4E26-B4BB-A92ECBC60EAA}.Debug|Any CPU.Build.0 = Debug|Any CPU
		{252A83E9-5932-4E26-B4BB-A92ECBC60EAA}.Release|Any CPU.ActiveCfg = Release|Any CPU
		{252A83E9-5932-4E26-B4BB-A92ECBC60EAA}.Release|Any CPU.Build.0 = Release|Any CPU
		{07994E22-A545-4E81-AFFC-C9B4F1220634}.Debug|Any CPU.ActiveCfg = Debug|Any CPU
		{07994E22-A545-4E81-AFFC-C9B4F1220634}.Debug|Any CPU.Build.0 = Debug|Any CPU
		{07994E22-A545-4E81-AFFC-C9B4F1220634}.Release|Any CPU.ActiveCfg = Release|Any CPU
		{07994E22-A545-4E81-AFFC-C9B4F1220634}.Release|Any CPU.Build.0 = Release|Any CPU
		{A2DAA48F-DFF7-4334-9AFC-2D00A9454339}.Debug|Any CPU.ActiveCfg = Debug|Any CPU
		{A2DAA48F-DFF7-4334-9AFC-2D00A9454339}.Debug|Any CPU.Build.0 = Debug|Any CPU
		{A2DAA48F-DFF7-4334-9AFC-2D00A9454339}.Release|Any CPU.ActiveCfg = Release|Any CPU
		{A2DAA48F-DFF7-4334-9AFC-2D00A9454339}.Release|Any CPU.Build.0 = Release|Any CPU
		{F031F3A6-B214-48D8-A79C-4C2A417C166A}.Debug|Any CPU.ActiveCfg = Debug|Any CPU
		{F031F3A6-B214-48D8-A79C-4C2A417C166A}.Debug|Any CPU.Build.0 = Debug|Any CPU
		{F031F3A6-B214-48D8-A79C-4C2A417C166A}.Release|Any CPU.ActiveCfg = Release|Any CPU
		{F031F3A6-B214-48D8-A79C-4C2A417C166A}.Release|Any CPU.Build.0 = Release|Any CPU
		{6690BACA-644F-4E2B-928C-646427D7CB69}.Debug|Any CPU.ActiveCfg = Debug|Any CPU
		{6690BACA-644F-4E2B-928C-646427D7CB69}.Debug|Any CPU.Build.0 = Debug|Any CPU
		{6690BACA-644F-4E2B-928C-646427D7CB69}.Release|Any CPU.ActiveCfg = Release|Any CPU
		{6690BACA-644F-4E2B-928C-646427D7CB69}.Release|Any CPU.Build.0 = Release|Any CPU
		{15F36B8E-0FA4-4BAA-BA93-1DD5CE2CD0F4}.Debug|Any CPU.ActiveCfg = Debug|Any CPU
		{15F36B8E-0FA4-4BAA-BA93-1DD5CE2CD0F4}.Debug|Any CPU.Build.0 = Debug|Any CPU
		{15F36B8E-0FA4-4BAA-BA93-1DD5CE2CD0F4}.Release|Any CPU.ActiveCfg = Release|Any CPU
		{15F36B8E-0FA4-4BAA-BA93-1DD5CE2CD0F4}.Release|Any CPU.Build.0 = Release|Any CPU
		{AC8AFBFE-4324-45A6-AA72-8C4927E6641C}.Debug|Any CPU.ActiveCfg = Debug|Any CPU
		{AC8AFBFE-4324-45A6-AA72-8C4927E6641C}.Debug|Any CPU.Build.0 = Debug|Any CPU
		{AC8AFBFE-4324-45A6-AA72-8C4927E6641C}.Release|Any CPU.ActiveCfg = Release|Any CPU
		{AC8AFBFE-4324-45A6-AA72-8C4927E6641C}.Release|Any CPU.Build.0 = Release|Any CPU
		{173812AD-FE8E-4A54-93BF-36C209ABF1CB}.Debug|Any CPU.ActiveCfg = Debug|Any CPU
		{173812AD-FE8E-4A54-93BF-36C209ABF1CB}.Debug|Any CPU.Build.0 = Debug|Any CPU
		{173812AD-FE8E-4A54-93BF-36C209ABF1CB}.Release|Any CPU.ActiveCfg = Release|Any CPU
		{173812AD-FE8E-4A54-93BF-36C209ABF1CB}.Release|Any CPU.Build.0 = Release|Any CPU
		{6CCA0011-44CF-44EE-B42D-4A6027D3D570}.Debug|Any CPU.ActiveCfg = Debug|Any CPU
		{6CCA0011-44CF-44EE-B42D-4A6027D3D570}.Debug|Any CPU.Build.0 = Debug|Any CPU
		{6CCA0011-44CF-44EE-B42D-4A6027D3D570}.Release|Any CPU.ActiveCfg = Release|Any CPU
		{6CCA0011-44CF-44EE-B42D-4A6027D3D570}.Release|Any CPU.Build.0 = Release|Any CPU
		{8814134D-932F-47E5-98D4-D22BCBAC3D0C}.Debug|Any CPU.ActiveCfg = Debug|Any CPU
		{8814134D-932F-47E5-98D4-D22BCBAC3D0C}.Debug|Any CPU.Build.0 = Debug|Any CPU
		{8814134D-932F-47E5-98D4-D22BCBAC3D0C}.Release|Any CPU.ActiveCfg = Release|Any CPU
		{8814134D-932F-47E5-98D4-D22BCBAC3D0C}.Release|Any CPU.Build.0 = Release|Any CPU
		{7E803582-C724-456D-8F83-AE286C41C187}.Debug|Any CPU.ActiveCfg = Debug|Any CPU
		{7E803582-C724-456D-8F83-AE286C41C187}.Debug|Any CPU.Build.0 = Debug|Any CPU
		{7E803582-C724-456D-8F83-AE286C41C187}.Release|Any CPU.ActiveCfg = Release|Any CPU
		{7E803582-C724-456D-8F83-AE286C41C187}.Release|Any CPU.Build.0 = Release|Any CPU
		{1A1A4DC6-BE11-42E9-9944-03C134503DD3}.Debug|Any CPU.ActiveCfg = Debug|Any CPU
		{1A1A4DC6-BE11-42E9-9944-03C134503DD3}.Debug|Any CPU.Build.0 = Debug|Any CPU
		{1A1A4DC6-BE11-42E9-9944-03C134503DD3}.Release|Any CPU.ActiveCfg = Release|Any CPU
		{1A1A4DC6-BE11-42E9-9944-03C134503DD3}.Release|Any CPU.Build.0 = Release|Any CPU
		{FD12F981-6BA5-4A5E-90BA-2937D8346922}.Debug|Any CPU.ActiveCfg = Debug|Any CPU
		{FD12F981-6BA5-4A5E-90BA-2937D8346922}.Debug|Any CPU.Build.0 = Debug|Any CPU
		{FD12F981-6BA5-4A5E-90BA-2937D8346922}.Release|Any CPU.ActiveCfg = Release|Any CPU
		{FD12F981-6BA5-4A5E-90BA-2937D8346922}.Release|Any CPU.Build.0 = Release|Any CPU
		{929EFC42-5311-4192-B5FF-A00789C11955}.Debug|Any CPU.ActiveCfg = Debug|Any CPU
		{929EFC42-5311-4192-B5FF-A00789C11955}.Debug|Any CPU.Build.0 = Debug|Any CPU
		{929EFC42-5311-4192-B5FF-A00789C11955}.Release|Any CPU.ActiveCfg = Release|Any CPU
		{929EFC42-5311-4192-B5FF-A00789C11955}.Release|Any CPU.Build.0 = Release|Any CPU
		{0A0953E3-877C-4C5A-BEAF-5C10A65C3FB6}.Debug|Any CPU.ActiveCfg = Debug|Any CPU
		{0A0953E3-877C-4C5A-BEAF-5C10A65C3FB6}.Debug|Any CPU.Build.0 = Debug|Any CPU
		{0A0953E3-877C-4C5A-BEAF-5C10A65C3FB6}.Release|Any CPU.ActiveCfg = Release|Any CPU
		{0A0953E3-877C-4C5A-BEAF-5C10A65C3FB6}.Release|Any CPU.Build.0 = Release|Any CPU
		{A43E5471-7F3B-429A-9388-3DE5F8D7B654}.Debug|Any CPU.ActiveCfg = Debug|Any CPU
		{A43E5471-7F3B-429A-9388-3DE5F8D7B654}.Debug|Any CPU.Build.0 = Debug|Any CPU
		{A43E5471-7F3B-429A-9388-3DE5F8D7B654}.Release|Any CPU.ActiveCfg = Release|Any CPU
		{A43E5471-7F3B-429A-9388-3DE5F8D7B654}.Release|Any CPU.Build.0 = Release|Any CPU
		{B047F3C0-1AF4-4C53-8D22-EA743E6E44B6}.Debug|Any CPU.ActiveCfg = Debug|Any CPU
		{B047F3C0-1AF4-4C53-8D22-EA743E6E44B6}.Debug|Any CPU.Build.0 = Debug|Any CPU
		{B047F3C0-1AF4-4C53-8D22-EA743E6E44B6}.Release|Any CPU.ActiveCfg = Release|Any CPU
		{B047F3C0-1AF4-4C53-8D22-EA743E6E44B6}.Release|Any CPU.Build.0 = Release|Any CPU
		{2A135A76-853A-43C3-A7EA-26E9E0068299}.Debug|Any CPU.ActiveCfg = Debug|Any CPU
		{2A135A76-853A-43C3-A7EA-26E9E0068299}.Debug|Any CPU.Build.0 = Debug|Any CPU
		{2A135A76-853A-43C3-A7EA-26E9E0068299}.Release|Any CPU.ActiveCfg = Release|Any CPU
		{2A135A76-853A-43C3-A7EA-26E9E0068299}.Release|Any CPU.Build.0 = Release|Any CPU
		{4B7CD0F4-F702-44C0-A3C4-716592F2D869}.Debug|Any CPU.ActiveCfg = Debug|Any CPU
		{4B7CD0F4-F702-44C0-A3C4-716592F2D869}.Debug|Any CPU.Build.0 = Debug|Any CPU
		{4B7CD0F4-F702-44C0-A3C4-716592F2D869}.Release|Any CPU.ActiveCfg = Release|Any CPU
		{4B7CD0F4-F702-44C0-A3C4-716592F2D869}.Release|Any CPU.Build.0 = Release|Any CPU
		{D641B41C-D2D3-47A8-84BD-CE4FE561DFB3}.Debug|Any CPU.ActiveCfg = Debug|Any CPU
		{D641B41C-D2D3-47A8-84BD-CE4FE561DFB3}.Debug|Any CPU.Build.0 = Debug|Any CPU
		{D641B41C-D2D3-47A8-84BD-CE4FE561DFB3}.Release|Any CPU.ActiveCfg = Release|Any CPU
		{D641B41C-D2D3-47A8-84BD-CE4FE561DFB3}.Release|Any CPU.Build.0 = Release|Any CPU
		{6700882F-4A98-41D0-A7B0-93E214FDE778}.Debug|Any CPU.ActiveCfg = Debug|Any CPU
		{6700882F-4A98-41D0-A7B0-93E214FDE778}.Debug|Any CPU.Build.0 = Debug|Any CPU
		{6700882F-4A98-41D0-A7B0-93E214FDE778}.Release|Any CPU.ActiveCfg = Release|Any CPU
		{6700882F-4A98-41D0-A7B0-93E214FDE778}.Release|Any CPU.Build.0 = Release|Any CPU
		{FF7DC669-A990-4FF4-80E0-E6C5DFFED7E2}.Debug|Any CPU.ActiveCfg = Debug|Any CPU
		{FF7DC669-A990-4FF4-80E0-E6C5DFFED7E2}.Debug|Any CPU.Build.0 = Debug|Any CPU
		{FF7DC669-A990-4FF4-80E0-E6C5DFFED7E2}.Release|Any CPU.ActiveCfg = Release|Any CPU
		{FF7DC669-A990-4FF4-80E0-E6C5DFFED7E2}.Release|Any CPU.Build.0 = Release|Any CPU
		{85B2321E-3274-40DA-8B6E-53CD110754B1}.Debug|Any CPU.ActiveCfg = Debug|Any CPU
		{85B2321E-3274-40DA-8B6E-53CD110754B1}.Debug|Any CPU.Build.0 = Debug|Any CPU
		{85B2321E-3274-40DA-8B6E-53CD110754B1}.Release|Any CPU.ActiveCfg = Release|Any CPU
		{85B2321E-3274-40DA-8B6E-53CD110754B1}.Release|Any CPU.Build.0 = Release|Any CPU
		{0F7D8007-ABEB-4556-BCF7-D51E053F3057}.Debug|Any CPU.ActiveCfg = Debug|Any CPU
		{0F7D8007-ABEB-4556-BCF7-D51E053F3057}.Debug|Any CPU.Build.0 = Debug|Any CPU
		{0F7D8007-ABEB-4556-BCF7-D51E053F3057}.Release|Any CPU.ActiveCfg = Release|Any CPU
		{0F7D8007-ABEB-4556-BCF7-D51E053F3057}.Release|Any CPU.Build.0 = Release|Any CPU
		{8065FF41-1F00-4BF9-82B1-BE47D0E790FD}.Debug|Any CPU.ActiveCfg = Debug|Any CPU
		{8065FF41-1F00-4BF9-82B1-BE47D0E790FD}.Debug|Any CPU.Build.0 = Debug|Any CPU
		{8065FF41-1F00-4BF9-82B1-BE47D0E790FD}.Release|Any CPU.ActiveCfg = Release|Any CPU
		{8065FF41-1F00-4BF9-82B1-BE47D0E790FD}.Release|Any CPU.Build.0 = Release|Any CPU
		{3113A906-7F08-4536-B863-69B25E269264}.Debug|Any CPU.ActiveCfg = Debug|Any CPU
		{3113A906-7F08-4536-B863-69B25E269264}.Debug|Any CPU.Build.0 = Debug|Any CPU
		{3113A906-7F08-4536-B863-69B25E269264}.Release|Any CPU.ActiveCfg = Release|Any CPU
		{3113A906-7F08-4536-B863-69B25E269264}.Release|Any CPU.Build.0 = Release|Any CPU
		{D36390C2-2DD5-4BD2-B182-3DD5C9C74C5E}.Debug|Any CPU.ActiveCfg = Debug|Any CPU
		{D36390C2-2DD5-4BD2-B182-3DD5C9C74C5E}.Debug|Any CPU.Build.0 = Debug|Any CPU
		{D36390C2-2DD5-4BD2-B182-3DD5C9C74C5E}.Release|Any CPU.ActiveCfg = Release|Any CPU
		{D36390C2-2DD5-4BD2-B182-3DD5C9C74C5E}.Release|Any CPU.Build.0 = Release|Any CPU
		{82392A3B-F8C9-4568-AB47-C4D9E10913C1}.Debug|Any CPU.ActiveCfg = Debug|Any CPU
		{82392A3B-F8C9-4568-AB47-C4D9E10913C1}.Debug|Any CPU.Build.0 = Debug|Any CPU
		{82392A3B-F8C9-4568-AB47-C4D9E10913C1}.Release|Any CPU.ActiveCfg = Release|Any CPU
		{82392A3B-F8C9-4568-AB47-C4D9E10913C1}.Release|Any CPU.Build.0 = Release|Any CPU
		{CA5F9BEE-F9C7-4E4D-87E9-8B873DF098AF}.Debug|Any CPU.ActiveCfg = Debug|Any CPU
		{CA5F9BEE-F9C7-4E4D-87E9-8B873DF098AF}.Debug|Any CPU.Build.0 = Debug|Any CPU
		{CA5F9BEE-F9C7-4E4D-87E9-8B873DF098AF}.Release|Any CPU.ActiveCfg = Release|Any CPU
		{CA5F9BEE-F9C7-4E4D-87E9-8B873DF098AF}.Release|Any CPU.Build.0 = Release|Any CPU
		{B46D7DD2-3027-4717-9853-3FA5AD759261}.Debug|Any CPU.ActiveCfg = Debug|Any CPU
		{B46D7DD2-3027-4717-9853-3FA5AD759261}.Debug|Any CPU.Build.0 = Debug|Any CPU
		{B46D7DD2-3027-4717-9853-3FA5AD759261}.Release|Any CPU.ActiveCfg = Release|Any CPU
		{B46D7DD2-3027-4717-9853-3FA5AD759261}.Release|Any CPU.Build.0 = Release|Any CPU
		{1E596CA9-9961-4AC4-AC05-5BB39E61193C}.Debug|Any CPU.ActiveCfg = Debug|Any CPU
		{1E596CA9-9961-4AC4-AC05-5BB39E61193C}.Debug|Any CPU.Build.0 = Debug|Any CPU
		{1E596CA9-9961-4AC4-AC05-5BB39E61193C}.Release|Any CPU.ActiveCfg = Release|Any CPU
		{1E596CA9-9961-4AC4-AC05-5BB39E61193C}.Release|Any CPU.Build.0 = Release|Any CPU
		{848300DA-AD41-46D0-AFD2-841AC0608E4B}.Debug|Any CPU.ActiveCfg = Debug|Any CPU
		{848300DA-AD41-46D0-AFD2-841AC0608E4B}.Debug|Any CPU.Build.0 = Debug|Any CPU
		{848300DA-AD41-46D0-AFD2-841AC0608E4B}.Release|Any CPU.ActiveCfg = Release|Any CPU
		{848300DA-AD41-46D0-AFD2-841AC0608E4B}.Release|Any CPU.Build.0 = Release|Any CPU
		{7E19EF18-0E7A-43D3-A6B5-1560F91B473E}.Debug|Any CPU.ActiveCfg = Debug|Any CPU
		{7E19EF18-0E7A-43D3-A6B5-1560F91B473E}.Debug|Any CPU.Build.0 = Debug|Any CPU
		{7E19EF18-0E7A-43D3-A6B5-1560F91B473E}.Release|Any CPU.ActiveCfg = Release|Any CPU
		{7E19EF18-0E7A-43D3-A6B5-1560F91B473E}.Release|Any CPU.Build.0 = Release|Any CPU
		{497A21C9-FB55-4090-ABFD-E1E38718FBE8}.Debug|Any CPU.ActiveCfg = Debug|Any CPU
		{497A21C9-FB55-4090-ABFD-E1E38718FBE8}.Debug|Any CPU.Build.0 = Debug|Any CPU
		{497A21C9-FB55-4090-ABFD-E1E38718FBE8}.Release|Any CPU.ActiveCfg = Release|Any CPU
		{497A21C9-FB55-4090-ABFD-E1E38718FBE8}.Release|Any CPU.Build.0 = Release|Any CPU
		{8DBDF2ED-A16F-4990-8F1D-21BFC9EAF411}.Debug|Any CPU.ActiveCfg = Debug|Any CPU
		{8DBDF2ED-A16F-4990-8F1D-21BFC9EAF411}.Debug|Any CPU.Build.0 = Debug|Any CPU
		{8DBDF2ED-A16F-4990-8F1D-21BFC9EAF411}.Release|Any CPU.ActiveCfg = Release|Any CPU
		{8DBDF2ED-A16F-4990-8F1D-21BFC9EAF411}.Release|Any CPU.Build.0 = Release|Any CPU
		{FE3E0483-7D32-468A-B768-AF52240E3E99}.Debug|Any CPU.ActiveCfg = Debug|Any CPU
		{FE3E0483-7D32-468A-B768-AF52240E3E99}.Debug|Any CPU.Build.0 = Debug|Any CPU
		{FE3E0483-7D32-468A-B768-AF52240E3E99}.Release|Any CPU.ActiveCfg = Release|Any CPU
		{FE3E0483-7D32-468A-B768-AF52240E3E99}.Release|Any CPU.Build.0 = Release|Any CPU
		{DA083A98-B358-4664-995D-F7B9298D1950}.Debug|Any CPU.ActiveCfg = Debug|Any CPU
		{DA083A98-B358-4664-995D-F7B9298D1950}.Debug|Any CPU.Build.0 = Debug|Any CPU
		{DA083A98-B358-4664-995D-F7B9298D1950}.Release|Any CPU.ActiveCfg = Release|Any CPU
		{DA083A98-B358-4664-995D-F7B9298D1950}.Release|Any CPU.Build.0 = Release|Any CPU
		{016A6A4D-F8D7-4C9E-9FDA-D9EE5B3A7095}.Debug|Any CPU.ActiveCfg = Debug|Any CPU
		{016A6A4D-F8D7-4C9E-9FDA-D9EE5B3A7095}.Debug|Any CPU.Build.0 = Debug|Any CPU
		{016A6A4D-F8D7-4C9E-9FDA-D9EE5B3A7095}.Release|Any CPU.ActiveCfg = Release|Any CPU
		{016A6A4D-F8D7-4C9E-9FDA-D9EE5B3A7095}.Release|Any CPU.Build.0 = Release|Any CPU
		{FB799D6A-6C68-4517-982E-4C99B714E223}.Debug|Any CPU.ActiveCfg = Debug|Any CPU
		{FB799D6A-6C68-4517-982E-4C99B714E223}.Debug|Any CPU.Build.0 = Debug|Any CPU
		{FB799D6A-6C68-4517-982E-4C99B714E223}.Release|Any CPU.ActiveCfg = Release|Any CPU
		{FB799D6A-6C68-4517-982E-4C99B714E223}.Release|Any CPU.Build.0 = Release|Any CPU
		{E062ACD9-676A-4131-9EBA-B70F50282D05}.Debug|Any CPU.ActiveCfg = Debug|Any CPU
		{E062ACD9-676A-4131-9EBA-B70F50282D05}.Debug|Any CPU.Build.0 = Debug|Any CPU
		{E062ACD9-676A-4131-9EBA-B70F50282D05}.Release|Any CPU.ActiveCfg = Release|Any CPU
		{E062ACD9-676A-4131-9EBA-B70F50282D05}.Release|Any CPU.Build.0 = Release|Any CPU
		{756F3D2E-2C3A-431F-AB62-85A924855DAA}.Debug|Any CPU.ActiveCfg = Debug|Any CPU
		{756F3D2E-2C3A-431F-AB62-85A924855DAA}.Debug|Any CPU.Build.0 = Debug|Any CPU
		{756F3D2E-2C3A-431F-AB62-85A924855DAA}.Release|Any CPU.ActiveCfg = Release|Any CPU
		{756F3D2E-2C3A-431F-AB62-85A924855DAA}.Release|Any CPU.Build.0 = Release|Any CPU
		{41AF09AD-FBC7-4CB9-ABE4-680838383A50}.Debug|Any CPU.ActiveCfg = Debug|Any CPU
		{41AF09AD-FBC7-4CB9-ABE4-680838383A50}.Debug|Any CPU.Build.0 = Debug|Any CPU
		{41AF09AD-FBC7-4CB9-ABE4-680838383A50}.Release|Any CPU.ActiveCfg = Release|Any CPU
		{41AF09AD-FBC7-4CB9-ABE4-680838383A50}.Release|Any CPU.Build.0 = Release|Any CPU
		{6B094D91-7E4B-4C00-BF19-1A5A8EBFDF6B}.Debug|Any CPU.ActiveCfg = Debug|Any CPU
		{6B094D91-7E4B-4C00-BF19-1A5A8EBFDF6B}.Debug|Any CPU.Build.0 = Debug|Any CPU
		{6B094D91-7E4B-4C00-BF19-1A5A8EBFDF6B}.Release|Any CPU.ActiveCfg = Release|Any CPU
		{6B094D91-7E4B-4C00-BF19-1A5A8EBFDF6B}.Release|Any CPU.Build.0 = Release|Any CPU
		{4FD4BCDE-130D-4625-A608-267F7ABC3409}.Debug|Any CPU.ActiveCfg = Debug|Any CPU
		{4FD4BCDE-130D-4625-A608-267F7ABC3409}.Debug|Any CPU.Build.0 = Debug|Any CPU
		{4FD4BCDE-130D-4625-A608-267F7ABC3409}.Release|Any CPU.ActiveCfg = Release|Any CPU
		{4FD4BCDE-130D-4625-A608-267F7ABC3409}.Release|Any CPU.Build.0 = Release|Any CPU
		{C5319E9E-0F25-4DD1-9C53-6F12C26FDCAA}.Debug|Any CPU.ActiveCfg = Debug|Any CPU
		{C5319E9E-0F25-4DD1-9C53-6F12C26FDCAA}.Debug|Any CPU.Build.0 = Debug|Any CPU
		{C5319E9E-0F25-4DD1-9C53-6F12C26FDCAA}.Release|Any CPU.ActiveCfg = Release|Any CPU
		{C5319E9E-0F25-4DD1-9C53-6F12C26FDCAA}.Release|Any CPU.Build.0 = Release|Any CPU
		{1E1E4383-C569-4B53-B060-0A72BCEC433F}.Debug|Any CPU.ActiveCfg = Debug|Any CPU
		{1E1E4383-C569-4B53-B060-0A72BCEC433F}.Debug|Any CPU.Build.0 = Debug|Any CPU
		{1E1E4383-C569-4B53-B060-0A72BCEC433F}.Release|Any CPU.ActiveCfg = Release|Any CPU
		{1E1E4383-C569-4B53-B060-0A72BCEC433F}.Release|Any CPU.Build.0 = Release|Any CPU
		{89E682F4-63D7-4A0E-969C-38CCD952039E}.Debug|Any CPU.ActiveCfg = Debug|Any CPU
		{89E682F4-63D7-4A0E-969C-38CCD952039E}.Debug|Any CPU.Build.0 = Debug|Any CPU
		{89E682F4-63D7-4A0E-969C-38CCD952039E}.Release|Any CPU.ActiveCfg = Release|Any CPU
		{89E682F4-63D7-4A0E-969C-38CCD952039E}.Release|Any CPU.Build.0 = Release|Any CPU
		{E073D67A-5E82-49EA-AD6E-B6E0D0A3E4F0}.Debug|Any CPU.ActiveCfg = Debug|Any CPU
		{E073D67A-5E82-49EA-AD6E-B6E0D0A3E4F0}.Debug|Any CPU.Build.0 = Debug|Any CPU
		{E073D67A-5E82-49EA-AD6E-B6E0D0A3E4F0}.Release|Any CPU.ActiveCfg = Release|Any CPU
		{E073D67A-5E82-49EA-AD6E-B6E0D0A3E4F0}.Release|Any CPU.Build.0 = Release|Any CPU
		{161FCB32-A1AA-457F-84EA-A1DA1BF764B4}.Debug|Any CPU.ActiveCfg = Debug|Any CPU
		{161FCB32-A1AA-457F-84EA-A1DA1BF764B4}.Debug|Any CPU.Build.0 = Debug|Any CPU
		{161FCB32-A1AA-457F-84EA-A1DA1BF764B4}.Release|Any CPU.ActiveCfg = Release|Any CPU
		{161FCB32-A1AA-457F-84EA-A1DA1BF764B4}.Release|Any CPU.Build.0 = Release|Any CPU
		{9126EAC7-D479-4394-B695-0C0403B596BB}.Debug|Any CPU.ActiveCfg = Debug|Any CPU
		{9126EAC7-D479-4394-B695-0C0403B596BB}.Debug|Any CPU.Build.0 = Debug|Any CPU
		{9126EAC7-D479-4394-B695-0C0403B596BB}.Release|Any CPU.ActiveCfg = Release|Any CPU
		{9126EAC7-D479-4394-B695-0C0403B596BB}.Release|Any CPU.Build.0 = Release|Any CPU
		{B634EBB3-4B26-46C0-8B5A-CC3E78BBB9B1}.Debug|Any CPU.ActiveCfg = Debug|Any CPU
		{B634EBB3-4B26-46C0-8B5A-CC3E78BBB9B1}.Debug|Any CPU.Build.0 = Debug|Any CPU
		{B634EBB3-4B26-46C0-8B5A-CC3E78BBB9B1}.Release|Any CPU.ActiveCfg = Release|Any CPU
		{B634EBB3-4B26-46C0-8B5A-CC3E78BBB9B1}.Release|Any CPU.Build.0 = Release|Any CPU
		{0681BC4A-392B-4593-9799-22AC6F3BAAEA}.Debug|Any CPU.ActiveCfg = Debug|Any CPU
		{0681BC4A-392B-4593-9799-22AC6F3BAAEA}.Debug|Any CPU.Build.0 = Debug|Any CPU
		{0681BC4A-392B-4593-9799-22AC6F3BAAEA}.Release|Any CPU.ActiveCfg = Release|Any CPU
		{0681BC4A-392B-4593-9799-22AC6F3BAAEA}.Release|Any CPU.Build.0 = Release|Any CPU
		{1AD4B675-F057-4D4D-9BDE-C750536CC050}.Debug|Any CPU.ActiveCfg = Debug|Any CPU
		{1AD4B675-F057-4D4D-9BDE-C750536CC050}.Debug|Any CPU.Build.0 = Debug|Any CPU
		{1AD4B675-F057-4D4D-9BDE-C750536CC050}.Release|Any CPU.ActiveCfg = Release|Any CPU
		{1AD4B675-F057-4D4D-9BDE-C750536CC050}.Release|Any CPU.Build.0 = Release|Any CPU
		{2766135E-18A6-459D-A0D5-4AC7C960E218}.Debug|Any CPU.ActiveCfg = Debug|Any CPU
		{2766135E-18A6-459D-A0D5-4AC7C960E218}.Debug|Any CPU.Build.0 = Debug|Any CPU
		{2766135E-18A6-459D-A0D5-4AC7C960E218}.Release|Any CPU.ActiveCfg = Release|Any CPU
		{2766135E-18A6-459D-A0D5-4AC7C960E218}.Release|Any CPU.Build.0 = Release|Any CPU
		{BE6BC9E6-C048-45CF-8279-B620E44BD4D7}.Debug|Any CPU.ActiveCfg = Debug|Any CPU
		{BE6BC9E6-C048-45CF-8279-B620E44BD4D7}.Debug|Any CPU.Build.0 = Debug|Any CPU
		{BE6BC9E6-C048-45CF-8279-B620E44BD4D7}.Release|Any CPU.ActiveCfg = Release|Any CPU
		{BE6BC9E6-C048-45CF-8279-B620E44BD4D7}.Release|Any CPU.Build.0 = Release|Any CPU
		{03BF8738-2C8C-4004-B8FA-524ACFE2F787}.Debug|Any CPU.ActiveCfg = Debug|Any CPU
		{03BF8738-2C8C-4004-B8FA-524ACFE2F787}.Debug|Any CPU.Build.0 = Debug|Any CPU
		{03BF8738-2C8C-4004-B8FA-524ACFE2F787}.Release|Any CPU.ActiveCfg = Release|Any CPU
		{03BF8738-2C8C-4004-B8FA-524ACFE2F787}.Release|Any CPU.Build.0 = Release|Any CPU
		{F5B5664F-FE40-4BBA-ACC1-989764A37176}.Debug|Any CPU.ActiveCfg = Debug|Any CPU
		{F5B5664F-FE40-4BBA-ACC1-989764A37176}.Debug|Any CPU.Build.0 = Debug|Any CPU
		{F5B5664F-FE40-4BBA-ACC1-989764A37176}.Release|Any CPU.ActiveCfg = Release|Any CPU
		{F5B5664F-FE40-4BBA-ACC1-989764A37176}.Release|Any CPU.Build.0 = Release|Any CPU
		{04A4B1B3-93A1-4459-B7D9-E4D48CADAEB7}.Debug|Any CPU.ActiveCfg = Debug|Any CPU
		{04A4B1B3-93A1-4459-B7D9-E4D48CADAEB7}.Debug|Any CPU.Build.0 = Debug|Any CPU
		{04A4B1B3-93A1-4459-B7D9-E4D48CADAEB7}.Release|Any CPU.ActiveCfg = Release|Any CPU
		{04A4B1B3-93A1-4459-B7D9-E4D48CADAEB7}.Release|Any CPU.Build.0 = Release|Any CPU
		{2C263373-01EB-4BCE-B49C-1C3237DA2EA1}.Debug|Any CPU.ActiveCfg = Debug|Any CPU
		{2C263373-01EB-4BCE-B49C-1C3237DA2EA1}.Debug|Any CPU.Build.0 = Debug|Any CPU
		{2C263373-01EB-4BCE-B49C-1C3237DA2EA1}.Release|Any CPU.ActiveCfg = Release|Any CPU
		{2C263373-01EB-4BCE-B49C-1C3237DA2EA1}.Release|Any CPU.Build.0 = Release|Any CPU
		{AEEB837C-F718-4CF9-844C-A92CB97B6229}.Debug|Any CPU.ActiveCfg = Debug|Any CPU
		{AEEB837C-F718-4CF9-844C-A92CB97B6229}.Debug|Any CPU.Build.0 = Debug|Any CPU
		{AEEB837C-F718-4CF9-844C-A92CB97B6229}.Release|Any CPU.ActiveCfg = Release|Any CPU
		{AEEB837C-F718-4CF9-844C-A92CB97B6229}.Release|Any CPU.Build.0 = Release|Any CPU
		{F96AEFA0-893C-4B18-A336-E1AAB19A63E8}.Debug|Any CPU.ActiveCfg = Debug|Any CPU
		{F96AEFA0-893C-4B18-A336-E1AAB19A63E8}.Debug|Any CPU.Build.0 = Debug|Any CPU
		{F96AEFA0-893C-4B18-A336-E1AAB19A63E8}.Release|Any CPU.ActiveCfg = Release|Any CPU
		{F96AEFA0-893C-4B18-A336-E1AAB19A63E8}.Release|Any CPU.Build.0 = Release|Any CPU
		{EAE5126B-9FD4-44B6-BD91-D20500D2DD7D}.Debug|Any CPU.ActiveCfg = Debug|Any CPU
		{EAE5126B-9FD4-44B6-BD91-D20500D2DD7D}.Debug|Any CPU.Build.0 = Debug|Any CPU
		{EAE5126B-9FD4-44B6-BD91-D20500D2DD7D}.Release|Any CPU.ActiveCfg = Release|Any CPU
		{EAE5126B-9FD4-44B6-BD91-D20500D2DD7D}.Release|Any CPU.Build.0 = Release|Any CPU
		{6B33BF77-96A7-4957-BE6B-27CBE2765AC4}.Debug|Any CPU.ActiveCfg = Debug|Any CPU
		{6B33BF77-96A7-4957-BE6B-27CBE2765AC4}.Debug|Any CPU.Build.0 = Debug|Any CPU
		{6B33BF77-96A7-4957-BE6B-27CBE2765AC4}.Release|Any CPU.ActiveCfg = Release|Any CPU
		{6B33BF77-96A7-4957-BE6B-27CBE2765AC4}.Release|Any CPU.Build.0 = Release|Any CPU
		{0ACBECD9-48A5-458A-BFA7-A1BC14FD7E99}.Debug|Any CPU.ActiveCfg = Debug|Any CPU
		{0ACBECD9-48A5-458A-BFA7-A1BC14FD7E99}.Debug|Any CPU.Build.0 = Debug|Any CPU
		{0ACBECD9-48A5-458A-BFA7-A1BC14FD7E99}.Release|Any CPU.ActiveCfg = Release|Any CPU
		{0ACBECD9-48A5-458A-BFA7-A1BC14FD7E99}.Release|Any CPU.Build.0 = Release|Any CPU
		{211DF773-8DED-4A84-A7C2-738D9387DDCB}.Debug|Any CPU.ActiveCfg = Debug|Any CPU
		{211DF773-8DED-4A84-A7C2-738D9387DDCB}.Debug|Any CPU.Build.0 = Debug|Any CPU
		{211DF773-8DED-4A84-A7C2-738D9387DDCB}.Release|Any CPU.ActiveCfg = Release|Any CPU
		{211DF773-8DED-4A84-A7C2-738D9387DDCB}.Release|Any CPU.Build.0 = Release|Any CPU
		{66EA7F72-06E2-48FA-AAAF-1B8542BF9A8F}.Debug|Any CPU.ActiveCfg = Debug|Any CPU
		{66EA7F72-06E2-48FA-AAAF-1B8542BF9A8F}.Debug|Any CPU.Build.0 = Debug|Any CPU
		{66EA7F72-06E2-48FA-AAAF-1B8542BF9A8F}.Release|Any CPU.ActiveCfg = Release|Any CPU
		{66EA7F72-06E2-48FA-AAAF-1B8542BF9A8F}.Release|Any CPU.Build.0 = Release|Any CPU
		{E14E4FE1-C574-41BC-9859-05DB43238220}.Debug|Any CPU.ActiveCfg = Debug|Any CPU
		{E14E4FE1-C574-41BC-9859-05DB43238220}.Debug|Any CPU.Build.0 = Debug|Any CPU
		{E14E4FE1-C574-41BC-9859-05DB43238220}.Release|Any CPU.ActiveCfg = Release|Any CPU
		{E14E4FE1-C574-41BC-9859-05DB43238220}.Release|Any CPU.Build.0 = Release|Any CPU
		{A89B8BD1-4CC4-41C1-A3B8-B80F0BE2D7CD}.Debug|Any CPU.ActiveCfg = Debug|Any CPU
		{A89B8BD1-4CC4-41C1-A3B8-B80F0BE2D7CD}.Debug|Any CPU.Build.0 = Debug|Any CPU
		{A89B8BD1-4CC4-41C1-A3B8-B80F0BE2D7CD}.Release|Any CPU.ActiveCfg = Release|Any CPU
		{A89B8BD1-4CC4-41C1-A3B8-B80F0BE2D7CD}.Release|Any CPU.Build.0 = Release|Any CPU
		{16978411-7F15-4E37-9E85-D2ABA34856A7}.Debug|Any CPU.ActiveCfg = Debug|Any CPU
		{16978411-7F15-4E37-9E85-D2ABA34856A7}.Debug|Any CPU.Build.0 = Debug|Any CPU
		{16978411-7F15-4E37-9E85-D2ABA34856A7}.Release|Any CPU.ActiveCfg = Release|Any CPU
		{16978411-7F15-4E37-9E85-D2ABA34856A7}.Release|Any CPU.Build.0 = Release|Any CPU
		{CE21DF35-4275-4A6B-9077-5B98777315F4}.Debug|Any CPU.ActiveCfg = Debug|Any CPU
		{CE21DF35-4275-4A6B-9077-5B98777315F4}.Debug|Any CPU.Build.0 = Debug|Any CPU
		{CE21DF35-4275-4A6B-9077-5B98777315F4}.Release|Any CPU.ActiveCfg = Release|Any CPU
		{CE21DF35-4275-4A6B-9077-5B98777315F4}.Release|Any CPU.Build.0 = Release|Any CPU
		{5038EBEB-C955-4E5B-897C-1EC0FD7E7A12}.Debug|Any CPU.ActiveCfg = Debug|Any CPU
		{5038EBEB-C955-4E5B-897C-1EC0FD7E7A12}.Debug|Any CPU.Build.0 = Debug|Any CPU
		{5038EBEB-C955-4E5B-897C-1EC0FD7E7A12}.Release|Any CPU.ActiveCfg = Release|Any CPU
		{5038EBEB-C955-4E5B-897C-1EC0FD7E7A12}.Release|Any CPU.Build.0 = Release|Any CPU
		{1BCEAD25-7471-42BD-A76A-A89250078445}.Debug|Any CPU.ActiveCfg = Debug|Any CPU
		{1BCEAD25-7471-42BD-A76A-A89250078445}.Debug|Any CPU.Build.0 = Debug|Any CPU
		{1BCEAD25-7471-42BD-A76A-A89250078445}.Release|Any CPU.ActiveCfg = Release|Any CPU
		{1BCEAD25-7471-42BD-A76A-A89250078445}.Release|Any CPU.Build.0 = Release|Any CPU
		{59BD619C-0976-4FFA-A182-D2E0391BE24A}.Debug|Any CPU.ActiveCfg = Debug|Any CPU
		{59BD619C-0976-4FFA-A182-D2E0391BE24A}.Debug|Any CPU.Build.0 = Debug|Any CPU
		{59BD619C-0976-4FFA-A182-D2E0391BE24A}.Release|Any CPU.ActiveCfg = Release|Any CPU
		{59BD619C-0976-4FFA-A182-D2E0391BE24A}.Release|Any CPU.Build.0 = Release|Any CPU
		{055CDC40-88DF-4B86-8FCC-C28E66230026}.Debug|Any CPU.ActiveCfg = Debug|Any CPU
		{055CDC40-88DF-4B86-8FCC-C28E66230026}.Debug|Any CPU.Build.0 = Debug|Any CPU
		{055CDC40-88DF-4B86-8FCC-C28E66230026}.Release|Any CPU.ActiveCfg = Release|Any CPU
		{055CDC40-88DF-4B86-8FCC-C28E66230026}.Release|Any CPU.Build.0 = Release|Any CPU
		{CF0D4052-B63B-463F-AEC8-11989F61B99F}.Debug|Any CPU.ActiveCfg = Debug|Any CPU
		{CF0D4052-B63B-463F-AEC8-11989F61B99F}.Debug|Any CPU.Build.0 = Debug|Any CPU
		{CF0D4052-B63B-463F-AEC8-11989F61B99F}.Release|Any CPU.ActiveCfg = Release|Any CPU
		{CF0D4052-B63B-463F-AEC8-11989F61B99F}.Release|Any CPU.Build.0 = Release|Any CPU
		{C1DE4F0B-31EE-4379-B02C-6C9391C48422}.Debug|Any CPU.ActiveCfg = Debug|Any CPU
		{C1DE4F0B-31EE-4379-B02C-6C9391C48422}.Debug|Any CPU.Build.0 = Debug|Any CPU
		{C1DE4F0B-31EE-4379-B02C-6C9391C48422}.Release|Any CPU.ActiveCfg = Release|Any CPU
		{C1DE4F0B-31EE-4379-B02C-6C9391C48422}.Release|Any CPU.Build.0 = Release|Any CPU
		{2CDD0BD3-B658-4C1A-946A-80FA8E5B8104}.Debug|Any CPU.ActiveCfg = Debug|Any CPU
		{2CDD0BD3-B658-4C1A-946A-80FA8E5B8104}.Debug|Any CPU.Build.0 = Debug|Any CPU
		{2CDD0BD3-B658-4C1A-946A-80FA8E5B8104}.Release|Any CPU.ActiveCfg = Release|Any CPU
		{2CDD0BD3-B658-4C1A-946A-80FA8E5B8104}.Release|Any CPU.Build.0 = Release|Any CPU
		{FFF402E2-2B5C-431C-8853-5489A699D78C}.Debug|Any CPU.ActiveCfg = Debug|Any CPU
		{FFF402E2-2B5C-431C-8853-5489A699D78C}.Debug|Any CPU.Build.0 = Debug|Any CPU
		{FFF402E2-2B5C-431C-8853-5489A699D78C}.Release|Any CPU.ActiveCfg = Release|Any CPU
		{FFF402E2-2B5C-431C-8853-5489A699D78C}.Release|Any CPU.Build.0 = Release|Any CPU
		{24738FEF-F641-4E67-831D-B73A05C77091}.Debug|Any CPU.ActiveCfg = Debug|Any CPU
		{24738FEF-F641-4E67-831D-B73A05C77091}.Debug|Any CPU.Build.0 = Debug|Any CPU
		{24738FEF-F641-4E67-831D-B73A05C77091}.Release|Any CPU.ActiveCfg = Release|Any CPU
		{24738FEF-F641-4E67-831D-B73A05C77091}.Release|Any CPU.Build.0 = Release|Any CPU
		{1E5EBF68-CF67-47F4-95CB-55625F925486}.Debug|Any CPU.ActiveCfg = Debug|Any CPU
		{1E5EBF68-CF67-47F4-95CB-55625F925486}.Debug|Any CPU.Build.0 = Debug|Any CPU
		{1E5EBF68-CF67-47F4-95CB-55625F925486}.Release|Any CPU.ActiveCfg = Release|Any CPU
		{1E5EBF68-CF67-47F4-95CB-55625F925486}.Release|Any CPU.Build.0 = Release|Any CPU
		{B5D4A289-23EA-4502-9685-C04EBAFA8158}.Debug|Any CPU.ActiveCfg = Debug|Any CPU
		{B5D4A289-23EA-4502-9685-C04EBAFA8158}.Debug|Any CPU.Build.0 = Debug|Any CPU
		{B5D4A289-23EA-4502-9685-C04EBAFA8158}.Release|Any CPU.ActiveCfg = Release|Any CPU
		{B5D4A289-23EA-4502-9685-C04EBAFA8158}.Release|Any CPU.Build.0 = Release|Any CPU
		{E66847E4-FB33-4546-837B-BF0251BEDDB0}.Debug|Any CPU.ActiveCfg = Debug|Any CPU
		{E66847E4-FB33-4546-837B-BF0251BEDDB0}.Debug|Any CPU.Build.0 = Debug|Any CPU
		{E66847E4-FB33-4546-837B-BF0251BEDDB0}.Release|Any CPU.ActiveCfg = Release|Any CPU
		{E66847E4-FB33-4546-837B-BF0251BEDDB0}.Release|Any CPU.Build.0 = Release|Any CPU
		{7EB7E3BB-2399-44C4-9054-7970ABEA0507}.Debug|Any CPU.ActiveCfg = Debug|Any CPU
		{7EB7E3BB-2399-44C4-9054-7970ABEA0507}.Debug|Any CPU.Build.0 = Debug|Any CPU
		{7EB7E3BB-2399-44C4-9054-7970ABEA0507}.Release|Any CPU.ActiveCfg = Release|Any CPU
		{7EB7E3BB-2399-44C4-9054-7970ABEA0507}.Release|Any CPU.Build.0 = Release|Any CPU
		{B5158AAC-B5D8-4461-BC9A-24EA21977897}.Debug|Any CPU.ActiveCfg = Debug|Any CPU
		{B5158AAC-B5D8-4461-BC9A-24EA21977897}.Debug|Any CPU.Build.0 = Debug|Any CPU
		{B5158AAC-B5D8-4461-BC9A-24EA21977897}.Release|Any CPU.ActiveCfg = Release|Any CPU
		{B5158AAC-B5D8-4461-BC9A-24EA21977897}.Release|Any CPU.Build.0 = Release|Any CPU
		{50520CDF-5366-4854-B71C-56A35151621C}.Debug|Any CPU.ActiveCfg = Debug|Any CPU
		{50520CDF-5366-4854-B71C-56A35151621C}.Debug|Any CPU.Build.0 = Debug|Any CPU
		{50520CDF-5366-4854-B71C-56A35151621C}.Release|Any CPU.ActiveCfg = Release|Any CPU
		{50520CDF-5366-4854-B71C-56A35151621C}.Release|Any CPU.Build.0 = Release|Any CPU
		{10158D22-A99A-4CA1-AA5E-F95D867386E9}.Debug|Any CPU.ActiveCfg = Debug|Any CPU
		{10158D22-A99A-4CA1-AA5E-F95D867386E9}.Debug|Any CPU.Build.0 = Debug|Any CPU
		{10158D22-A99A-4CA1-AA5E-F95D867386E9}.Release|Any CPU.ActiveCfg = Release|Any CPU
		{10158D22-A99A-4CA1-AA5E-F95D867386E9}.Release|Any CPU.Build.0 = Release|Any CPU
		{7D916944-446D-46AB-B356-9D17FB86DE7C}.Debug|Any CPU.ActiveCfg = Debug|Any CPU
		{7D916944-446D-46AB-B356-9D17FB86DE7C}.Debug|Any CPU.Build.0 = Debug|Any CPU
		{7D916944-446D-46AB-B356-9D17FB86DE7C}.Release|Any CPU.ActiveCfg = Release|Any CPU
		{7D916944-446D-46AB-B356-9D17FB86DE7C}.Release|Any CPU.Build.0 = Release|Any CPU
		{3106BCF7-A676-4342-8E8D-ED7B677B89C8}.Debug|Any CPU.ActiveCfg = Debug|Any CPU
		{3106BCF7-A676-4342-8E8D-ED7B677B89C8}.Debug|Any CPU.Build.0 = Debug|Any CPU
		{3106BCF7-A676-4342-8E8D-ED7B677B89C8}.Release|Any CPU.ActiveCfg = Release|Any CPU
		{3106BCF7-A676-4342-8E8D-ED7B677B89C8}.Release|Any CPU.Build.0 = Release|Any CPU
		{51E26169-9DEE-4D3C-979D-267A01228D56}.Debug|Any CPU.ActiveCfg = Debug|Any CPU
		{51E26169-9DEE-4D3C-979D-267A01228D56}.Debug|Any CPU.Build.0 = Debug|Any CPU
		{51E26169-9DEE-4D3C-979D-267A01228D56}.Release|Any CPU.ActiveCfg = Release|Any CPU
		{51E26169-9DEE-4D3C-979D-267A01228D56}.Release|Any CPU.Build.0 = Release|Any CPU
		{E143A373-82CA-4A6F-A465-DECCEBCDD941}.Debug|Any CPU.ActiveCfg = Debug|Any CPU
		{E143A373-82CA-4A6F-A465-DECCEBCDD941}.Debug|Any CPU.Build.0 = Debug|Any CPU
		{E143A373-82CA-4A6F-A465-DECCEBCDD941}.Release|Any CPU.ActiveCfg = Release|Any CPU
		{E143A373-82CA-4A6F-A465-DECCEBCDD941}.Release|Any CPU.Build.0 = Release|Any CPU
		{821F0EBE-16F9-42A5-9FEE-07180BFD8291}.Debug|Any CPU.ActiveCfg = Debug|Any CPU
		{821F0EBE-16F9-42A5-9FEE-07180BFD8291}.Debug|Any CPU.Build.0 = Debug|Any CPU
		{821F0EBE-16F9-42A5-9FEE-07180BFD8291}.Release|Any CPU.ActiveCfg = Release|Any CPU
		{821F0EBE-16F9-42A5-9FEE-07180BFD8291}.Release|Any CPU.Build.0 = Release|Any CPU
		{92A112BC-6114-4F87-A80F-1CB40AC38800}.Debug|Any CPU.ActiveCfg = Debug|Any CPU
		{92A112BC-6114-4F87-A80F-1CB40AC38800}.Debug|Any CPU.Build.0 = Debug|Any CPU
		{92A112BC-6114-4F87-A80F-1CB40AC38800}.Release|Any CPU.ActiveCfg = Release|Any CPU
		{92A112BC-6114-4F87-A80F-1CB40AC38800}.Release|Any CPU.Build.0 = Release|Any CPU
		{7E9E1034-8503-4804-822F-338488EF7369}.Debug|Any CPU.ActiveCfg = Debug|Any CPU
		{7E9E1034-8503-4804-822F-338488EF7369}.Debug|Any CPU.Build.0 = Debug|Any CPU
		{7E9E1034-8503-4804-822F-338488EF7369}.Release|Any CPU.ActiveCfg = Release|Any CPU
		{7E9E1034-8503-4804-822F-338488EF7369}.Release|Any CPU.Build.0 = Release|Any CPU
		{D9605F39-6B8C-48BF-8036-8AEDCBB18E87}.Debug|Any CPU.ActiveCfg = Debug|Any CPU
		{D9605F39-6B8C-48BF-8036-8AEDCBB18E87}.Debug|Any CPU.Build.0 = Debug|Any CPU
		{D9605F39-6B8C-48BF-8036-8AEDCBB18E87}.Release|Any CPU.ActiveCfg = Release|Any CPU
		{D9605F39-6B8C-48BF-8036-8AEDCBB18E87}.Release|Any CPU.Build.0 = Release|Any CPU
		{B2BA5823-734A-429E-91D8-5D0C8953DAB1}.Debug|Any CPU.ActiveCfg = Debug|Any CPU
		{B2BA5823-734A-429E-91D8-5D0C8953DAB1}.Debug|Any CPU.Build.0 = Debug|Any CPU
		{B2BA5823-734A-429E-91D8-5D0C8953DAB1}.Release|Any CPU.ActiveCfg = Release|Any CPU
		{B2BA5823-734A-429E-91D8-5D0C8953DAB1}.Release|Any CPU.Build.0 = Release|Any CPU
		{C72659EF-3B8E-4833-8374-1FBA9456E279}.Debug|Any CPU.ActiveCfg = Debug|Any CPU
		{C72659EF-3B8E-4833-8374-1FBA9456E279}.Debug|Any CPU.Build.0 = Debug|Any CPU
		{C72659EF-3B8E-4833-8374-1FBA9456E279}.Release|Any CPU.ActiveCfg = Release|Any CPU
		{C72659EF-3B8E-4833-8374-1FBA9456E279}.Release|Any CPU.Build.0 = Release|Any CPU
		{DBC9E534-499A-4397-BB24-FBECEAFB72DB}.Debug|Any CPU.ActiveCfg = Debug|Any CPU
		{DBC9E534-499A-4397-BB24-FBECEAFB72DB}.Debug|Any CPU.Build.0 = Debug|Any CPU
		{DBC9E534-499A-4397-BB24-FBECEAFB72DB}.Release|Any CPU.ActiveCfg = Release|Any CPU
		{DBC9E534-499A-4397-BB24-FBECEAFB72DB}.Release|Any CPU.Build.0 = Release|Any CPU
		{6354B77C-F895-45C8-AB08-E99A008CD1C9}.Debug|Any CPU.ActiveCfg = Debug|Any CPU
		{6354B77C-F895-45C8-AB08-E99A008CD1C9}.Debug|Any CPU.Build.0 = Debug|Any CPU
		{6354B77C-F895-45C8-AB08-E99A008CD1C9}.Release|Any CPU.ActiveCfg = Release|Any CPU
		{6354B77C-F895-45C8-AB08-E99A008CD1C9}.Release|Any CPU.Build.0 = Release|Any CPU
		{2EBE1551-CD58-4781-8032-D3B99A472B47}.Debug|Any CPU.ActiveCfg = Debug|Any CPU
		{2EBE1551-CD58-4781-8032-D3B99A472B47}.Debug|Any CPU.Build.0 = Debug|Any CPU
		{2EBE1551-CD58-4781-8032-D3B99A472B47}.Release|Any CPU.ActiveCfg = Release|Any CPU
		{2EBE1551-CD58-4781-8032-D3B99A472B47}.Release|Any CPU.Build.0 = Release|Any CPU
		{B0300345-1C74-499B-BE2B-4EBFCC315CA9}.Debug|Any CPU.ActiveCfg = Debug|Any CPU
		{B0300345-1C74-499B-BE2B-4EBFCC315CA9}.Debug|Any CPU.Build.0 = Debug|Any CPU
		{B0300345-1C74-499B-BE2B-4EBFCC315CA9}.Release|Any CPU.ActiveCfg = Release|Any CPU
		{B0300345-1C74-499B-BE2B-4EBFCC315CA9}.Release|Any CPU.Build.0 = Release|Any CPU
	EndGlobalSection
	GlobalSection(SolutionProperties) = preSolution
		HideSolutionNode = FALSE
	EndGlobalSection
	GlobalSection(ExtensibilityGlobals) = postSolution
		SolutionGuid = {6DE3648C-0BCF-4BC8-A570-EDC4E71CAA05}
	EndGlobalSection
EndGlobal
