
Microsoft Visual Studio Solution File, Format Version 12.00
# Visual Studio Version 16
VisualStudioVersion = 16.0.30804.86
MinimumVisualStudioVersion = 10.0.40219.1
Project("{9A19103F-16F7-4668-BE54-9A1E7A4F7556}") = "_019_For", "_19_For\_019_For.csproj", "{7E803582-C724-456D-8F83-AE286C41C187}"
EndProject
Project("{9A19103F-16F7-4668-BE54-9A1E7A4F7556}") = "_0006_Homework_0602", "006_Homework_0602\_0006_Homework_0602.csproj", "{7D916944-446D-46AB-B356-9D17FB86DE7C}"
EndProject
Project("{9A19103F-16F7-4668-BE54-9A1E7A4F7556}") = "_100_NetworkStreamClient", "_100_NetworkStreamClient\_100_NetworkStreamClient.csproj", "{DBC9E534-499A-4397-BB24-FBECEAFB72DB}"
EndProject
Project("{9A19103F-16F7-4668-BE54-9A1E7A4F7556}") = "_101_NetworkStreamLoopServer", "_101_NetworkStreamLoopServer\_101_NetworkStreamLoopServer.csproj", "{6354B77C-F895-45C8-AB08-E99A008CD1C9}"
EndProject
Project("{9A19103F-16F7-4668-BE54-9A1E7A4F7556}") = "_102_NetworkStreamLoopClient", "_102_NetworkStreamLoopClient\_102_NetworkStreamLoopClient.csproj", "{2EBE1551-CD58-4781-8032-D3B99A472B47}"
EndProject
Project("{9A19103F-16F7-4668-BE54-9A1E7A4F7556}") = "_103_NoParamThread", "_103_NoParamThread\_103_NoParamThread.csproj", "{FADF3A73-369D-4B2A-A7F0-45381DA21B01}"
EndProject
Project("{9A19103F-16F7-4668-BE54-9A1E7A4F7556}") = "_104_Thread_Sleep_Sync", "_104_Thread_Sleep_Sync\_104_Thread_Sleep_Sync.csproj", "{99DB8D2A-4A02-4FA8-B079-3C3C8C4D7780}"
EndProject
Project("{9A19103F-16F7-4668-BE54-9A1E7A4F7556}") = "_105_Thread_Join_Sync", "_105_Thread_Join_Sync\_105_Thread_Join_Sync.csproj", "{E0BED889-DD53-4830-A063-97C0D3C61AAB}"
EndProject
Project("{9A19103F-16F7-4668-BE54-9A1E7A4F7556}") = "_106_Thread_IsAlive_Sync", "_106_Thread_IsAlive_Sync\_106_Thread_IsAlive_Sync.csproj", "{2AD28AA9-C2E7-4951-84C4-F75993B9A38C}"
EndProject
Project("{9A19103F-16F7-4668-BE54-9A1E7A4F7556}") = "_107_Thread_IsBackground", "_107_Thread_IsBackground\_107_Thread_IsBackground.csproj", "{47C9A947-D254-445F-86C9-89F15FB9C0BF}"
EndProject
Project("{9A19103F-16F7-4668-BE54-9A1E7A4F7556}") = "_108_Thread_IsBackground", "_108_Thread_IsBackground\_108_Thread_IsBackground.csproj", "{B3A80DAD-8C9C-4780-B390-DCA033459EA6}"
EndProject
Project("{9A19103F-16F7-4668-BE54-9A1E7A4F7556}") = "_109_Thread_value_Sync_Error", "_109_Thread_value_Sync_Error\_109_Thread_value_Sync_Error.csproj", "{B16E0AA9-D85D-4DCD-BC8B-CBFD28D673F5}"
EndProject
Project("{9A19103F-16F7-4668-BE54-9A1E7A4F7556}") = "_110_Thread_Value_Sync", "_110_Thread_Value_Sync\_110_Thread_Value_Sync.csproj", "{60F2CCFF-346F-49B7-888B-77656C0DDDA4}"
EndProject
Project("{9A19103F-16F7-4668-BE54-9A1E7A4F7556}") = "_111_Thread_Value_Sync", "_111_Thread_Value_Sync\_111_Thread_Value_Sync.csproj", "{0E28B0BD-0143-4147-BF16-B4F0F7CDA98C}"
EndProject
Project("{9A19103F-16F7-4668-BE54-9A1E7A4F7556}") = "_112_Thread_Value_Monitor_Sync", "_112_Thread_Value_Monitor_Sync\_112_Thread_Value_Monitor_Sync.csproj", "{FD1F28D7-8BED-4844-A6B7-E5D9E1E8D894}"
EndProject
Project("{9A19103F-16F7-4668-BE54-9A1E7A4F7556}") = "_113_ParamThread", "_113_ParamThread\_113_ParamThread.csproj", "{BB55243B-39FD-4FD2-A4B3-93E49D872590}"
EndProject
Project("{9A19103F-16F7-4668-BE54-9A1E7A4F7556}") = "_114_MultiThreadServer", "_114_MultiThreadServer\_114_MultiThreadServer.csproj", "{AA40A612-2B0E-4EA3-AD95-87F4579E3225}"
EndProject
Project("{9A19103F-16F7-4668-BE54-9A1E7A4F7556}") = "_115_MultiThreadEchoServer", "_115_MultiThreadEchoServer\_115_MultiThreadEchoServer.csproj", "{29448E23-1112-4B7C-A24E-F58DA73135A0}"
EndProject
Project("{9A19103F-16F7-4668-BE54-9A1E7A4F7556}") = "_116_MultiThreadEchoClient", "_116_MultiThreadEchoClient\_116_MultiThreadEchoClient.csproj", "{D7856AC8-82C2-4DD3-864C-2C9CACDA2662}"
EndProject
Project("{9A19103F-16F7-4668-BE54-9A1E7A4F7556}") = "_117_MultiThreadChattingServer", "_117_MultiThreadChattingServer\_117_MultiThreadChattingServer.csproj", "{99DE58FD-25DE-4327-8243-787AC4E3C186}"
EndProject
Project("{9A19103F-16F7-4668-BE54-9A1E7A4F7556}") = "_121_NeedsGeneric", "_121_NeedsGeneric\_121_NeedsGeneric.csproj", "{303F516D-73E1-4112-897B-E9EE434F7274}"
EndProject
Project("{9A19103F-16F7-4668-BE54-9A1E7A4F7556}") = "_122_GenericEx", "_122_GenericEx\_122_GenericEx.csproj", "{9D18801D-7013-4D7A-8CFC-E38BCC8C829F}"
EndProject
Project("{9A19103F-16F7-4668-BE54-9A1E7A4F7556}") = "_123_GenericMethod", "_123_GenericMethod\_123_GenericMethod.csproj", "{E2C9D49C-14C7-4D73-975E-B14FEA5F79EA}"
EndProject
Project("{9A19103F-16F7-4668-BE54-9A1E7A4F7556}") = "_124_GenericMethod", "_GenericMethod_\_124_GenericMethod.csproj", "{AC55B23B-DCBE-46E8-BDBC-886C6294CFC5}"
EndProject
Project("{9A19103F-16F7-4668-BE54-9A1E7A4F7556}") = "_125_GenericMethod", "_125_GenericMethod\_125_GenericMethod.csproj", "{7662135B-4771-4174-BCA2-ED8DBA965882}"
EndProject
Project("{9A19103F-16F7-4668-BE54-9A1E7A4F7556}") = "_126_GenericList", "_126_GenericList\_126_GenericList.csproj", "{EC38A30D-31CE-4C7A-9997-6018BA8B471A}"
EndProject
Project("{9A19103F-16F7-4668-BE54-9A1E7A4F7556}") = "_127_GenericQueue", "_127_GenericQueue\_127_GenericQueue.csproj", "{72D77706-1F1E-45CA-BA95-F7B2CFBF2365}"
EndProject
Project("{9A19103F-16F7-4668-BE54-9A1E7A4F7556}") = "_128_GenericStack", "_128_GenericStack\_128_GenericStack.csproj", "{C65CE52D-B858-4276-B8B1-D5CCB70DC90B}"
EndProject
Project("{9A19103F-16F7-4668-BE54-9A1E7A4F7556}") = "_129_GenericDictionaryEx", "GenericDictionaryEx\_129_GenericDictionaryEx.csproj", "{5E9196B8-A3D9-4D22-8614-BD05614FD3FF}"
EndProject
Project("{9A19103F-16F7-4668-BE54-9A1E7A4F7556}") = "_118_MultiThreadChattingPlusServer", "_118_MultiThreadChattingPlusServer\_118_MultiThreadChattingPlusServer.csproj", "{9194BD6C-EF14-469B-884D-AF99E009D46C}"
EndProject
Project("{9A19103F-16F7-4668-BE54-9A1E7A4F7556}") = "_119_MultiThreadChattingPlusClient", "_119_MultiThreadChattingPlusClient\_119_MultiThreadChattingPlusClient.csproj", "{D9C92371-8693-49FD-8258-95F6E89623CD}"
EndProject
Project("{9A19103F-16F7-4668-BE54-9A1E7A4F7556}") = "_0001_Homework_0520", "_0001_Homework\_0001_Homework_0520.csproj", "{CDF1B70E-E3A2-4128-A0BF-A514AB9A9A66}"
EndProject
Project("{FAE04EC0-301F-11D3-BF4B-00C04F79EFBC}") = "_001_Variables", "_001_DataType\_001_Variables.csproj", "{360CBD23-98C4-47B1-90D2-ABBC113C039E}"
EndProject
Project("{9A19103F-16F7-4668-BE54-9A1E7A4F7556}") = "_0002_Homework_0521", "_0002_Homework_05.21\_0002_Homework_0521.csproj", "{F272DC91-D9BF-4C8D-9888-389F2F7AA1F1}"
EndProject
Project("{9A19103F-16F7-4668-BE54-9A1E7A4F7556}") = "_0003_Homework_0524", "_0003_Homework_0524\_0003_Homework_0524.csproj", "{BE57DCBA-1F67-496D-86B2-88061AE282F3}"
EndProject
Project("{9A19103F-16F7-4668-BE54-9A1E7A4F7556}") = "_0004_Homework_0525", "_0004_Homework_0525\_0004_Homework_0525.csproj", "{5EBCE915-B87F-463D-82D2-A9DB937E950F}"
EndProject
Project("{9A19103F-16F7-4668-BE54-9A1E7A4F7556}") = "_0005_Homework_0601", "_0005_Homework_0601\_0005_Homework_0601.csproj", "{75DEED52-3463-4089-9E71-1D0EAEA56EFB}"
EndProject
Project("{9A19103F-16F7-4668-BE54-9A1E7A4F7556}") = "_0007_Homework_0603_Solve", "_0007_Homework_0603\_0007_Homework_0603_Solve.csproj", "{7B8485DC-95EC-4877-B00D-E7C27A37DAE6}"
EndProject
Project("{FAE04EC0-301F-11D3-BF4B-00C04F79EFBC}") = "_002_DataType", "_002_DataType\_002_DataType.csproj", "{5F2534F3-77AB-4153-9B41-01A432DF5828}"
EndProject
Project("{FAE04EC0-301F-11D3-BF4B-00C04F79EFBC}") = "_004_Operator", "_004_Operator\_004_Operator.csproj", "{6452ABDE-8567-4417-AE0F-91C5A7FDC3F9}"
EndProject
Project("{FAE04EC0-301F-11D3-BF4B-00C04F79EFBC}") = "_005_If", "_005_If\_005_If.csproj", "{2B141597-EECE-4F20-A6CA-3507AAF58CBA}"
EndProject
Project("{FAE04EC0-301F-11D3-BF4B-00C04F79EFBC}") = "_006_If_else", "_006_If_else\_006_If_else.csproj", "{43384772-D1D3-4AE0-84C4-95B2F023F333}"
EndProject
Project("{FAE04EC0-301F-11D3-BF4B-00C04F79EFBC}") = "_007_if_else_elseif", "_007_if_else_elseif\_007_if_else_elseif.csproj", "{0895B13E-B611-4DD0-9B3E-A452661BD410}"
EndProject
Project("{FAE04EC0-301F-11D3-BF4B-00C04F79EFBC}") = "_008_If_arith", "_008_If_arith\_008_If_arith.csproj", "{F2CBB264-C207-46DB-AAF9-3F5C8D3314B8}"
EndProject
Project("{9A19103F-16F7-4668-BE54-9A1E7A4F7556}") = "_009_Switch_case", "_009_switch_case\_009_Switch_case.csproj", "{58413A94-A267-447D-B505-4299478DFB53}"
EndProject
Project("{9A19103F-16F7-4668-BE54-9A1E7A4F7556}") = "_010_While", "_010_while\_010_While.csproj", "{B9CA27D1-AA1E-4300-841C-CC00712C662E}"
EndProject
Project("{9A19103F-16F7-4668-BE54-9A1E7A4F7556}") = "_011_While", "_011_While\_011_While.csproj", "{6ED4E32A-712D-4B07-A463-BA26B3874E51}"
EndProject
Project("{9A19103F-16F7-4668-BE54-9A1E7A4F7556}") = "_012_While", "_012_While\_012_While.csproj", "{7837F5A9-D512-4222-91D8-B0E34FF62782}"
EndProject
Project("{9A19103F-16F7-4668-BE54-9A1E7A4F7556}") = "_013_While", "_013_while\_013_While.csproj", "{908F7F4E-E51E-4B48-B0D5-99C79120D58C}"
EndProject
Project("{9A19103F-16F7-4668-BE54-9A1E7A4F7556}") = "_014_While_Arith", "_014_While_Arith\_014_While_Arith.csproj", "{F615C6BC-9B6B-407B-8F6A-3B4EDB506AFD}"
EndProject
Project("{9A19103F-16F7-4668-BE54-9A1E7A4F7556}") = "_015_While_if_Arith", "_015_While_if_Arith\_015_While_if_Arith.csproj", "{682005B5-9751-4BE1-A71C-3CD3902A3B50}"
EndProject
Project("{9A19103F-16F7-4668-BE54-9A1E7A4F7556}") = "_016_Do_while", "_016_Do_while\_016_Do_while.csproj", "{2F074411-5D17-4582-8357-33EE9B8B8BB4}"
EndProject
Project("{9A19103F-16F7-4668-BE54-9A1E7A4F7556}") = "_017_Do_while_Arith", "_017_Do_while_Arith\_017_Do_while_Arith.csproj", "{F8A4BCAA-7CF8-4AC5-A6B3-DB85BE4A03EA}"
EndProject
Project("{9A19103F-16F7-4668-BE54-9A1E7A4F7556}") = "_018_For", "_018_For\_018_For.csproj", "{E0ADD9B5-78AB-4FD8-BE35-1019E12DF1A5}"
EndProject
Project("{9A19103F-16F7-4668-BE54-9A1E7A4F7556}") = "_120_AddressDB", "_120_AddressDB\_120_AddressDB.csproj", "{C4CBA701-F5D7-4FFD-B7C9-171D0FD12ADA}"
EndProject
Project("{9A19103F-16F7-4668-BE54-9A1E7A4F7556}") = "_020_Character", "_020_Character\_020_Character.csproj", "{1C8C5CDD-C126-4508-AA0F-FB0826A15969}"
EndProject
Project("{9A19103F-16F7-4668-BE54-9A1E7A4F7556}") = "_021_For", "_021_For\_021_For.csproj", "{CF4EA98B-4447-49F1-8B2A-77E0734C0A9E}"
EndProject
Project("{9A19103F-16F7-4668-BE54-9A1E7A4F7556}") = "_023_For", "_023_For\_023_For.csproj", "{245D2831-1522-4268-A98F-DCDDE8495F69}"
EndProject
Project("{9A19103F-16F7-4668-BE54-9A1E7A4F7556}") = "_022_For", "_022_For\_022_For.csproj", "{C66EA7D6-D3B4-433C-A22D-716555A29F70}"
EndProject
Project("{9A19103F-16F7-4668-BE54-9A1E7A4F7556}") = "_024_Array", "_024_Array\_024_Array.csproj", "{E63065EF-0D21-401F-9E76-9AF3401AE34A}"
EndProject
Project("{9A19103F-16F7-4668-BE54-9A1E7A4F7556}") = "_025_Array", "_025_Array\_025_Array.csproj", "{8BE18799-4F3C-48E4-9EF7-E1855E978D5D}"
EndProject
Project("{9A19103F-16F7-4668-BE54-9A1E7A4F7556}") = "_026_Break", "_026_Break\_026_Break.csproj", "{08FBFD87-1E7C-4D40-99EF-D8C8A32AFFC2}"
EndProject
Project("{9A19103F-16F7-4668-BE54-9A1E7A4F7556}") = "_027_Continue", "_027_Continue\_027_Continue.csproj", "{BBA9983C-5D72-463D-BCE1-8A67B2CE6D00}"
EndProject
Project("{9A19103F-16F7-4668-BE54-9A1E7A4F7556}") = "_028_MoveShap", "_028_MoveShap\_028_MoveShap.csproj", "{01DADD48-2BC5-4D1C-88CB-76340E73DC99}"
EndProject
Project("{9A19103F-16F7-4668-BE54-9A1E7A4F7556}") = "_029_MoveSharp", "_029_MoveSharp\_029_MoveSharp.csproj", "{153B24CA-DA2A-430A-ABE3-D65E47F7702C}"
EndProject
Project("{9A19103F-16F7-4668-BE54-9A1E7A4F7556}") = "_030_MoveSharp", "_030_MoveSharp\_030_MoveSharp.csproj", "{9FE6B7AE-11B9-472D-9861-7D20AEF85420}"
EndProject
Project("{9A19103F-16F7-4668-BE54-9A1E7A4F7556}") = "_031_Array", "_031_Array\_031_Array.csproj", "{5E021F72-1B94-43A1-976B-ECFC928966E5}"
EndProject
Project("{9A19103F-16F7-4668-BE54-9A1E7A4F7556}") = "_032_Array", "_032_Array\_032_Array.csproj", "{0E8C0EC7-271B-41D1-AB1C-287EB68CA782}"
EndProject
Project("{9A19103F-16F7-4668-BE54-9A1E7A4F7556}") = "_033_Array", "_033_Array\_033_Array.csproj", "{3200C1AE-9FCB-41FE-B6D4-B196B6480052}"
EndProject
Project("{9A19103F-16F7-4668-BE54-9A1E7A4F7556}") = "_034_Method", "_034_Method\_034_Method.csproj", "{390B0E6A-0A56-4502-99B3-4C4C3649F398}"
EndProject
Project("{9A19103F-16F7-4668-BE54-9A1E7A4F7556}") = "_035_Method", "_035_Method\_035_Method.csproj", "{D07C062E-0768-4CCA-94E9-CFF1AB34AD9A}"
EndProject
Project("{9A19103F-16F7-4668-BE54-9A1E7A4F7556}") = "_036_Class", "_036_Class\_036_Class.csproj", "{8019D386-A518-4E3E-A61B-02FEF5BC68C9}"
EndProject
Project("{9A19103F-16F7-4668-BE54-9A1E7A4F7556}") = "_037_Class", "_037_Class\_037_Class.csproj", "{7FE4F2F8-6ECA-49EE-B58B-32BBA78F92BA}"
EndProject
Project("{9A19103F-16F7-4668-BE54-9A1E7A4F7556}") = "_038_Class", "_038_Class\_038_Class.csproj", "{053DC439-8C0F-4829-BBA9-7F788E0E04FD}"
EndProject
Project("{9A19103F-16F7-4668-BE54-9A1E7A4F7556}") = "_039_Class", "_039_class\_039_Class.csproj", "{E3048A36-0552-44F0-A380-B625FD8754FB}"
EndProject
Project("{9A19103F-16F7-4668-BE54-9A1E7A4F7556}") = "_040_StaticMethod", "_040_StaticMethod\_040_StaticMethod.csproj", "{50B3769D-5014-41C8-99CF-8B7259D05E25}"
EndProject
Project("{9A19103F-16F7-4668-BE54-9A1E7A4F7556}") = "_041_ClassMethod", "_041_ClassMethod\_041_ClassMethod.csproj", "{79E0CCAF-7BB0-4A8A-94BA-C2F549A823EC}"
EndProject
Project("{9A19103F-16F7-4668-BE54-9A1E7A4F7556}") = "_042_ClassRestaurant", "_042_ClassRestaurant\_042_ClassRestaurant.csproj", "{72794560-7219-4473-9A99-9A56D3E75EBD}"
EndProject
Project("{9A19103F-16F7-4668-BE54-9A1E7A4F7556}") = "_043_ClassRestaurnt", "_043_ClassRestaurnt\_043_ClassRestaurnt.csproj", "{3A8CF89A-DD4C-4317-B9D0-2BAD45D4C337}"
EndProject
Project("{9A19103F-16F7-4668-BE54-9A1E7A4F7556}") = "_044_ClassRestaurant", "_044_ClassRestaurant\_044_ClassRestaurant.csproj", "{A7B87F02-BC78-410C-BDB6-1BE05797988C}"
EndProject
Project("{9A19103F-16F7-4668-BE54-9A1E7A4F7556}") = "_045_ClassToClass", "_045_ClassToClass\_045_ClassToClass.csproj", "{36B3B5E5-0200-42EA-A0AC-3B6DE34685D3}"
EndProject
Project("{9A19103F-16F7-4668-BE54-9A1E7A4F7556}") = "_046_Array", "_046_Array\_046_Array.csproj", "{7AFB02E7-D386-4895-B9A0-9B97F30797EF}"
EndProject
Project("{9A19103F-16F7-4668-BE54-9A1E7A4F7556}") = "_047_Array", "_047_Array\_047_Array.csproj", "{17B61B86-C4F1-4828-9DBB-AF2E87B567CE}"
EndProject
Project("{9A19103F-16F7-4668-BE54-9A1E7A4F7556}") = "_048_Array", "_048_Array\_048_Array.csproj", "{C13CDA4C-A536-4BA2-A31C-CB5A9A196F4D}"
EndProject
Project("{9A19103F-16F7-4668-BE54-9A1E7A4F7556}") = "_049_stack_heap", "_049_stack_heap\_049_stack_heap.csproj", "{79D6ADD9-829B-4C02-9204-82D47B1C2554}"
EndProject
Project("{9A19103F-16F7-4668-BE54-9A1E7A4F7556}") = "_050_Array", "_050_Array\_050_Array.csproj", "{DD171179-509D-460F-B6C4-67F6FB2D7783}"
EndProject
Project("{9A19103F-16F7-4668-BE54-9A1E7A4F7556}") = "_051_ArrayList", "_051_ArrayList\_051_ArrayList.csproj", "{D448EC4B-FB3B-454C-8DFF-8C252D02F925}"
EndProject
Project("{9A19103F-16F7-4668-BE54-9A1E7A4F7556}") = "_052_HashTable", "_052_HashTable\_052_HashTable.csproj", "{3802E5C0-93E6-4F83-90D5-74F84C17961D}"
EndProject
Project("{9A19103F-16F7-4668-BE54-9A1E7A4F7556}") = "_053_Stack", "_053_Stack\_053_Stack.csproj", "{D7C14AC0-BA37-4416-B248-EF956344B757}"
EndProject
Project("{9A19103F-16F7-4668-BE54-9A1E7A4F7556}") = "_054_Queue", "_054_Queue\_054_Queue.csproj", "{64B32886-1F20-4892-82C3-AE06243B90E8}"
EndProject
Project("{9A19103F-16F7-4668-BE54-9A1E7A4F7556}") = "_055_DateTime", "_055_DateTime\_055_DateTime.csproj", "{AF57FA48-8978-4EB2-813A-1B31167A2D37}"
EndProject
Project("{9A19103F-16F7-4668-BE54-9A1E7A4F7556}") = "_056_StopWatch", "_056_StopWatch\_056_StopWatch.csproj", "{8C7E545F-3D3E-4D50-AE5D-E105883049A1}"
EndProject
Project("{9A19103F-16F7-4668-BE54-9A1E7A4F7556}") = "_057_Random", "_057_Random\_057_Random.csproj", "{D9497728-46FA-41EF-A9D3-FFD45C26C4D6}"
EndProject
Project("{FAE04EC0-301F-11D3-BF4B-00C04F79EFBC}") = "_058_RandomStar", "_058_RandomStar\_058_RandomStar.csproj", "{7013B910-3DCE-48C9-B40B-F8CF16FA58E9}"
EndProject
Project("{9A19103F-16F7-4668-BE54-9A1E7A4F7556}") = "_059_AddressMethod", "_059_AddressMethod_1\_059_AddressMethod.csproj", "{DAC9084F-BFDF-4F83-AC25-9B313B80A1D8}"
EndProject
Project("{9A19103F-16F7-4668-BE54-9A1E7A4F7556}") = "_060_AddressMethod_File", "_060_AddressMethod_File\_060_AddressMethod_File.csproj", "{526103D6-F223-4D6C-8053-F3B416626C87}"
EndProject
Project("{FAE04EC0-301F-11D3-BF4B-00C04F79EFBC}") = "_061_AddressClass", "_061_AddressClass\_061_AddressClass.csproj", "{03BF8738-2C8C-4004-B8FA-524ACFE2F787}"
EndProject
Project("{FAE04EC0-301F-11D3-BF4B-00C04F79EFBC}") = "_003_Operator", "_003_Operator\_003_Operator.csproj", "{256F6D43-4348-48C1-B9C8-27A26863DC21}"
EndProject
Project("{9A19103F-16F7-4668-BE54-9A1E7A4F7556}") = "_063_NameSpace", "_063_NameSpace\_063_NameSpace.csproj", "{8161C57C-CD1C-4EDF-8264-8A58D0A91BD8}"
EndProject
Project("{9A19103F-16F7-4668-BE54-9A1E7A4F7556}") = "_062_NameSpace", "_062_nameSpace\_062_NameSpace.csproj", "{7A664DAF-FE10-4183-B072-E65F2ACC527D}"
EndProject
Project("{9A19103F-16F7-4668-BE54-9A1E7A4F7556}") = "_064_NameSpace", "_064_NameSpace\_064_NameSpace.csproj", "{752CCC8A-78AD-42A7-9A51-ADD62CD5AB7B}"
EndProject
Project("{9A19103F-16F7-4668-BE54-9A1E7A4F7556}") = "_065_Getter_setter", "_065_Getter_setter\_065_Getter_setter.csproj", "{A2AA5A24-E5C8-460B-8D42-C823B7EEEC28}"
EndProject
Project("{FAE04EC0-301F-11D3-BF4B-00C04F79EFBC}") = "_066_Getter_Setter", "_066_Getter_Setter\_066_Getter_Setter.csproj", "{0446C5A2-50F7-4B64-9AA1-0ED45DF6C38A}"
EndProject
Project("{9A19103F-16F7-4668-BE54-9A1E7A4F7556}") = "_067_Property", "_067_Property\_067_Property.csproj", "{96060DCF-3626-486D-9BEA-F1A4EE874D0C}"
EndProject
Project("{9A19103F-16F7-4668-BE54-9A1E7A4F7556}") = "_068_Property", "_068_Property\_068_Property.csproj", "{037D94DB-B78F-4A57-AC40-5D7C46FCC8BD}"
EndProject
Project("{9A19103F-16F7-4668-BE54-9A1E7A4F7556}") = "_069_AutoProperty", "_069_AutoProperty\_069_AutoProperty.csproj", "{41ED943C-1930-4836-9525-3D2658BEE318}"
EndProject
Project("{9A19103F-16F7-4668-BE54-9A1E7A4F7556}") = "_070_Struct", "_070_Struct\_070_Struct.csproj", "{4C870430-5AD2-4FE4-B0D7-189E3FE23BB6}"
EndProject
Project("{9A19103F-16F7-4668-BE54-9A1E7A4F7556}") = "_071_Struct", "_071_Struct\_071_Struct.csproj", "{86401813-989E-4AC3-98C9-D7EABDF2951F}"
EndProject
Project("{9A19103F-16F7-4668-BE54-9A1E7A4F7556}") = "_072_Constant", "_072_Constant\_072_Constant.csproj", "{630EFA8A-C5C5-42FE-AE9A-FA2AB3F7AA73}"
EndProject
Project("{9A19103F-16F7-4668-BE54-9A1E7A4F7556}") = "_073_Inheritance", "_073_Inheritance\_073_Inheritance.csproj", "{F2C7688E-2971-4247-82EE-24784881DD21}"
EndProject
Project("{9A19103F-16F7-4668-BE54-9A1E7A4F7556}") = "_099_NetworkStreamServer", "_099_NetworkStreamServer\_099_NetworkStreamServer.csproj", "{DBB8F013-4D25-4EEA-80F2-88548EABAACD}"
EndProject
Project("{FAE04EC0-301F-11D3-BF4B-00C04F79EFBC}") = "_098_Polymorphism_Address", "_098_Polymorphism_Address\_098_Polymorphism_Address.csproj", "{B0300345-1C74-499B-BE2B-4EBFCC315CA9}"
EndProject
Project("{9A19103F-16F7-4668-BE54-9A1E7A4F7556}") = "_097_Delegate_event", "_097_Delegate_event\_097_Delegate_event.csproj", "{CBB402C2-70E9-4BDD-8F40-5D17661C502B}"
EndProject
Project("{9A19103F-16F7-4668-BE54-9A1E7A4F7556}") = "_096_Delegate", "_096_Deligate\_096_Delegate.csproj", "{6A25C1E3-F600-4ABD-A2C6-239124232F0F}"
EndProject
Project("{9A19103F-16F7-4668-BE54-9A1E7A4F7556}") = "_095_Delegate", "_095_Delegate\_095_Delegate.csproj", "{F87F622D-B6AE-4C30-A8C8-34C34937DE39}"
EndProject
Project("{9A19103F-16F7-4668-BE54-9A1E7A4F7556}") = "_094_Delegate", "_094_Delegate\_094_Delegate.csproj", "{D7DDABC4-6013-4D2C-A495-B41BAF0CC3C4}"
EndProject
Project("{9A19103F-16F7-4668-BE54-9A1E7A4F7556}") = "_093_Delegate", "_093_Delegate\_093_Delegate.csproj", "{1CA7BBB1-B871-4494-AED7-78246634E055}"
EndProject
Project("{9A19103F-16F7-4668-BE54-9A1E7A4F7556}") = "_092_Delegate", "_092_Delegate\_092_Delegate.csproj", "{8BEDAFCF-F3C9-45DF-84B7-2477F9A03F41}"
EndProject
Project("{9A19103F-16F7-4668-BE54-9A1E7A4F7556}") = "_090_Deligate", "_090_Deligate\_090_Deligate.csproj", "{38E42A47-5D70-448F-ABD1-D619F8D04729}"
EndProject
Project("{9A19103F-16F7-4668-BE54-9A1E7A4F7556}") = "_074_Inheritance", "_074_Inheritance\_074_Inheritance.csproj", "{E8D21D3A-3447-49BD-A149-1E77C7509555}"
EndProject
Project("{9A19103F-16F7-4668-BE54-9A1E7A4F7556}") = "_075_Overriding", "_075_Overriding\_075_Overriding.csproj", "{4E67C42D-4033-4642-A410-8E7F147570A3}"
EndProject
Project("{9A19103F-16F7-4668-BE54-9A1E7A4F7556}") = "_076_Overriding", "_076_Overriding\_076_Overriding.csproj", "{4F744C20-F208-4791-806F-3F565BC07B9C}"
EndProject
Project("{9A19103F-16F7-4668-BE54-9A1E7A4F7556}") = "_077_Parent_var_child_obj", "_077_Parent_var_child_obj\_077_Parent_var_child_obj.csproj", "{A0B9403B-D3DB-4292-A902-C936AC763029}"
EndProject
Project("{9A19103F-16F7-4668-BE54-9A1E7A4F7556}") = "_080_Polymorphism", "_080_Polymorphism\_080_Polymorphism.csproj", "{BE994C5B-E4C2-4FCC-92EC-B0B165EC7BC6}"
EndProject
Project("{9A19103F-16F7-4668-BE54-9A1E7A4F7556}") = "_089_Using_interface", "_089_Using_interface\_089_Using_interface.csproj", "{F718263D-17E6-4A7D-9CAF-F94099D4CFC1}"
EndProject
Project("{9A19103F-16F7-4668-BE54-9A1E7A4F7556}") = "_078_Object", "_078_Object\_078_Object.csproj", "{15915874-B558-4CD4-A457-7A55B8487084}"
EndProject
Project("{9A19103F-16F7-4668-BE54-9A1E7A4F7556}") = "_079_Polymorphism", "_079_Polymorphism\_079_Polymorphism.csproj", "{E7183F35-F225-4C9B-B80F-BCAAAA47202B}"
EndProject
Project("{9A19103F-16F7-4668-BE54-9A1E7A4F7556}") = "_081_Virtual", "_081_Virtual\_081_Virtual.csproj", "{D29BC201-6FF8-446D-A237-5DF52776F9AC}"
EndProject
Project("{9A19103F-16F7-4668-BE54-9A1E7A4F7556}") = "_082_Virtual", "_082_Virtual\_082_Virtual.csproj", "{4DB6936B-4926-4546-9515-0DA2AF1694DE}"
EndProject
Project("{9A19103F-16F7-4668-BE54-9A1E7A4F7556}") = "_083_Virtual", "_083_Virtual\_083_Virtual.csproj", "{98384AE4-37EB-4C51-9C4C-5116BC88F46E}"
EndProject
Project("{9A19103F-16F7-4668-BE54-9A1E7A4F7556}") = "_084_Virtual", "_084_Virtual\_084_Virtual.csproj", "{3BDB9013-911A-47FB-B37C-527C8BB62BC4}"
EndProject
Project("{9A19103F-16F7-4668-BE54-9A1E7A4F7556}") = "_085_AbstractClass", "_085_AbstractClass\_085_AbstractClass.csproj", "{53581388-BEE4-454C-AA99-71DAACE0A0B6}"
EndProject
Project("{9A19103F-16F7-4668-BE54-9A1E7A4F7556}") = "_086_ImplementStarUnit", "_086_Interface\_086_ImplementStarUnit.csproj", "{5E5DE100-C0DA-43E2-8D7C-90A1D691E6BB}"
EndProject
Project("{9A19103F-16F7-4668-BE54-9A1E7A4F7556}") = "_087_AbstractStarUnit", "_087_AbstractClass\_087_AbstractStarUnit.csproj", "{1EA94232-123A-436D-8413-9CE96B047ED8}"
EndProject
Project("{9A19103F-16F7-4668-BE54-9A1E7A4F7556}") = "_088_InterfaceStarUnit", "_088_InterfaceStarUnit\_088_InterfaceStarUnit.csproj", "{3665E152-EE1F-4FDD-89F4-656C5CD68621}"
EndProject
Global
	GlobalSection(SolutionConfigurationPlatforms) = preSolution
		Debug|Any CPU = Debug|Any CPU
		Release|Any CPU = Release|Any CPU
	EndGlobalSection
	GlobalSection(ProjectConfigurationPlatforms) = postSolution
		{7E803582-C724-456D-8F83-AE286C41C187}.Debug|Any CPU.ActiveCfg = Debug|Any CPU
		{7E803582-C724-456D-8F83-AE286C41C187}.Debug|Any CPU.Build.0 = Debug|Any CPU
		{7E803582-C724-456D-8F83-AE286C41C187}.Release|Any CPU.ActiveCfg = Release|Any CPU
		{7E803582-C724-456D-8F83-AE286C41C187}.Release|Any CPU.Build.0 = Release|Any CPU
		{7D916944-446D-46AB-B356-9D17FB86DE7C}.Debug|Any CPU.ActiveCfg = Debug|Any CPU
		{7D916944-446D-46AB-B356-9D17FB86DE7C}.Debug|Any CPU.Build.0 = Debug|Any CPU
		{7D916944-446D-46AB-B356-9D17FB86DE7C}.Release|Any CPU.ActiveCfg = Release|Any CPU
		{7D916944-446D-46AB-B356-9D17FB86DE7C}.Release|Any CPU.Build.0 = Release|Any CPU
		{DBC9E534-499A-4397-BB24-FBECEAFB72DB}.Debug|Any CPU.ActiveCfg = Debug|Any CPU
		{DBC9E534-499A-4397-BB24-FBECEAFB72DB}.Debug|Any CPU.Build.0 = Debug|Any CPU
		{DBC9E534-499A-4397-BB24-FBECEAFB72DB}.Release|Any CPU.ActiveCfg = Release|Any CPU
		{DBC9E534-499A-4397-BB24-FBECEAFB72DB}.Release|Any CPU.Build.0 = Release|Any CPU
		{6354B77C-F895-45C8-AB08-E99A008CD1C9}.Debug|Any CPU.ActiveCfg = Debug|Any CPU
		{6354B77C-F895-45C8-AB08-E99A008CD1C9}.Debug|Any CPU.Build.0 = Debug|Any CPU
		{6354B77C-F895-45C8-AB08-E99A008CD1C9}.Release|Any CPU.ActiveCfg = Release|Any CPU
		{6354B77C-F895-45C8-AB08-E99A008CD1C9}.Release|Any CPU.Build.0 = Release|Any CPU
		{2EBE1551-CD58-4781-8032-D3B99A472B47}.Debug|Any CPU.ActiveCfg = Debug|Any CPU
		{2EBE1551-CD58-4781-8032-D3B99A472B47}.Debug|Any CPU.Build.0 = Debug|Any CPU
		{2EBE1551-CD58-4781-8032-D3B99A472B47}.Release|Any CPU.ActiveCfg = Release|Any CPU
		{2EBE1551-CD58-4781-8032-D3B99A472B47}.Release|Any CPU.Build.0 = Release|Any CPU
		{FADF3A73-369D-4B2A-A7F0-45381DA21B01}.Debug|Any CPU.ActiveCfg = Debug|Any CPU
		{FADF3A73-369D-4B2A-A7F0-45381DA21B01}.Debug|Any CPU.Build.0 = Debug|Any CPU
		{FADF3A73-369D-4B2A-A7F0-45381DA21B01}.Release|Any CPU.ActiveCfg = Release|Any CPU
		{FADF3A73-369D-4B2A-A7F0-45381DA21B01}.Release|Any CPU.Build.0 = Release|Any CPU
		{99DB8D2A-4A02-4FA8-B079-3C3C8C4D7780}.Debug|Any CPU.ActiveCfg = Debug|Any CPU
		{99DB8D2A-4A02-4FA8-B079-3C3C8C4D7780}.Debug|Any CPU.Build.0 = Debug|Any CPU
		{99DB8D2A-4A02-4FA8-B079-3C3C8C4D7780}.Release|Any CPU.ActiveCfg = Release|Any CPU
		{99DB8D2A-4A02-4FA8-B079-3C3C8C4D7780}.Release|Any CPU.Build.0 = Release|Any CPU
		{E0BED889-DD53-4830-A063-97C0D3C61AAB}.Debug|Any CPU.ActiveCfg = Debug|Any CPU
		{E0BED889-DD53-4830-A063-97C0D3C61AAB}.Debug|Any CPU.Build.0 = Debug|Any CPU
		{E0BED889-DD53-4830-A063-97C0D3C61AAB}.Release|Any CPU.ActiveCfg = Release|Any CPU
		{E0BED889-DD53-4830-A063-97C0D3C61AAB}.Release|Any CPU.Build.0 = Release|Any CPU
		{2AD28AA9-C2E7-4951-84C4-F75993B9A38C}.Debug|Any CPU.ActiveCfg = Debug|Any CPU
		{2AD28AA9-C2E7-4951-84C4-F75993B9A38C}.Debug|Any CPU.Build.0 = Debug|Any CPU
		{2AD28AA9-C2E7-4951-84C4-F75993B9A38C}.Release|Any CPU.ActiveCfg = Release|Any CPU
		{2AD28AA9-C2E7-4951-84C4-F75993B9A38C}.Release|Any CPU.Build.0 = Release|Any CPU
		{47C9A947-D254-445F-86C9-89F15FB9C0BF}.Debug|Any CPU.ActiveCfg = Debug|Any CPU
		{47C9A947-D254-445F-86C9-89F15FB9C0BF}.Debug|Any CPU.Build.0 = Debug|Any CPU
		{47C9A947-D254-445F-86C9-89F15FB9C0BF}.Release|Any CPU.ActiveCfg = Release|Any CPU
		{47C9A947-D254-445F-86C9-89F15FB9C0BF}.Release|Any CPU.Build.0 = Release|Any CPU
		{B3A80DAD-8C9C-4780-B390-DCA033459EA6}.Debug|Any CPU.ActiveCfg = Debug|Any CPU
		{B3A80DAD-8C9C-4780-B390-DCA033459EA6}.Debug|Any CPU.Build.0 = Debug|Any CPU
		{B3A80DAD-8C9C-4780-B390-DCA033459EA6}.Release|Any CPU.ActiveCfg = Release|Any CPU
		{B3A80DAD-8C9C-4780-B390-DCA033459EA6}.Release|Any CPU.Build.0 = Release|Any CPU
		{B16E0AA9-D85D-4DCD-BC8B-CBFD28D673F5}.Debug|Any CPU.ActiveCfg = Debug|Any CPU
		{B16E0AA9-D85D-4DCD-BC8B-CBFD28D673F5}.Debug|Any CPU.Build.0 = Debug|Any CPU
		{B16E0AA9-D85D-4DCD-BC8B-CBFD28D673F5}.Release|Any CPU.ActiveCfg = Release|Any CPU
		{B16E0AA9-D85D-4DCD-BC8B-CBFD28D673F5}.Release|Any CPU.Build.0 = Release|Any CPU
		{60F2CCFF-346F-49B7-888B-77656C0DDDA4}.Debug|Any CPU.ActiveCfg = Debug|Any CPU
		{60F2CCFF-346F-49B7-888B-77656C0DDDA4}.Debug|Any CPU.Build.0 = Debug|Any CPU
		{60F2CCFF-346F-49B7-888B-77656C0DDDA4}.Release|Any CPU.ActiveCfg = Release|Any CPU
		{60F2CCFF-346F-49B7-888B-77656C0DDDA4}.Release|Any CPU.Build.0 = Release|Any CPU
		{0E28B0BD-0143-4147-BF16-B4F0F7CDA98C}.Debug|Any CPU.ActiveCfg = Debug|Any CPU
		{0E28B0BD-0143-4147-BF16-B4F0F7CDA98C}.Debug|Any CPU.Build.0 = Debug|Any CPU
		{0E28B0BD-0143-4147-BF16-B4F0F7CDA98C}.Release|Any CPU.ActiveCfg = Release|Any CPU
		{0E28B0BD-0143-4147-BF16-B4F0F7CDA98C}.Release|Any CPU.Build.0 = Release|Any CPU
		{FD1F28D7-8BED-4844-A6B7-E5D9E1E8D894}.Debug|Any CPU.ActiveCfg = Debug|Any CPU
		{FD1F28D7-8BED-4844-A6B7-E5D9E1E8D894}.Debug|Any CPU.Build.0 = Debug|Any CPU
		{FD1F28D7-8BED-4844-A6B7-E5D9E1E8D894}.Release|Any CPU.ActiveCfg = Release|Any CPU
		{FD1F28D7-8BED-4844-A6B7-E5D9E1E8D894}.Release|Any CPU.Build.0 = Release|Any CPU
		{BB55243B-39FD-4FD2-A4B3-93E49D872590}.Debug|Any CPU.ActiveCfg = Debug|Any CPU
		{BB55243B-39FD-4FD2-A4B3-93E49D872590}.Debug|Any CPU.Build.0 = Debug|Any CPU
		{BB55243B-39FD-4FD2-A4B3-93E49D872590}.Release|Any CPU.ActiveCfg = Release|Any CPU
		{BB55243B-39FD-4FD2-A4B3-93E49D872590}.Release|Any CPU.Build.0 = Release|Any CPU
		{AA40A612-2B0E-4EA3-AD95-87F4579E3225}.Debug|Any CPU.ActiveCfg = Debug|Any CPU
		{AA40A612-2B0E-4EA3-AD95-87F4579E3225}.Debug|Any CPU.Build.0 = Debug|Any CPU
		{AA40A612-2B0E-4EA3-AD95-87F4579E3225}.Release|Any CPU.ActiveCfg = Release|Any CPU
		{AA40A612-2B0E-4EA3-AD95-87F4579E3225}.Release|Any CPU.Build.0 = Release|Any CPU
		{29448E23-1112-4B7C-A24E-F58DA73135A0}.Debug|Any CPU.ActiveCfg = Debug|Any CPU
		{29448E23-1112-4B7C-A24E-F58DA73135A0}.Debug|Any CPU.Build.0 = Debug|Any CPU
		{29448E23-1112-4B7C-A24E-F58DA73135A0}.Release|Any CPU.ActiveCfg = Release|Any CPU
		{29448E23-1112-4B7C-A24E-F58DA73135A0}.Release|Any CPU.Build.0 = Release|Any CPU
		{D7856AC8-82C2-4DD3-864C-2C9CACDA2662}.Debug|Any CPU.ActiveCfg = Debug|Any CPU
		{D7856AC8-82C2-4DD3-864C-2C9CACDA2662}.Debug|Any CPU.Build.0 = Debug|Any CPU
		{D7856AC8-82C2-4DD3-864C-2C9CACDA2662}.Release|Any CPU.ActiveCfg = Release|Any CPU
		{D7856AC8-82C2-4DD3-864C-2C9CACDA2662}.Release|Any CPU.Build.0 = Release|Any CPU
		{99DE58FD-25DE-4327-8243-787AC4E3C186}.Debug|Any CPU.ActiveCfg = Debug|Any CPU
		{99DE58FD-25DE-4327-8243-787AC4E3C186}.Debug|Any CPU.Build.0 = Debug|Any CPU
		{99DE58FD-25DE-4327-8243-787AC4E3C186}.Release|Any CPU.ActiveCfg = Release|Any CPU
		{99DE58FD-25DE-4327-8243-787AC4E3C186}.Release|Any CPU.Build.0 = Release|Any CPU
		{303F516D-73E1-4112-897B-E9EE434F7274}.Debug|Any CPU.ActiveCfg = Debug|Any CPU
		{303F516D-73E1-4112-897B-E9EE434F7274}.Debug|Any CPU.Build.0 = Debug|Any CPU
		{303F516D-73E1-4112-897B-E9EE434F7274}.Release|Any CPU.ActiveCfg = Release|Any CPU
		{303F516D-73E1-4112-897B-E9EE434F7274}.Release|Any CPU.Build.0 = Release|Any CPU
		{9D18801D-7013-4D7A-8CFC-E38BCC8C829F}.Debug|Any CPU.ActiveCfg = Debug|Any CPU
		{9D18801D-7013-4D7A-8CFC-E38BCC8C829F}.Debug|Any CPU.Build.0 = Debug|Any CPU
		{9D18801D-7013-4D7A-8CFC-E38BCC8C829F}.Release|Any CPU.ActiveCfg = Release|Any CPU
		{9D18801D-7013-4D7A-8CFC-E38BCC8C829F}.Release|Any CPU.Build.0 = Release|Any CPU
		{E2C9D49C-14C7-4D73-975E-B14FEA5F79EA}.Debug|Any CPU.ActiveCfg = Debug|Any CPU
		{E2C9D49C-14C7-4D73-975E-B14FEA5F79EA}.Debug|Any CPU.Build.0 = Debug|Any CPU
		{E2C9D49C-14C7-4D73-975E-B14FEA5F79EA}.Release|Any CPU.ActiveCfg = Release|Any CPU
		{E2C9D49C-14C7-4D73-975E-B14FEA5F79EA}.Release|Any CPU.Build.0 = Release|Any CPU
		{AC55B23B-DCBE-46E8-BDBC-886C6294CFC5}.Debug|Any CPU.ActiveCfg = Debug|Any CPU
		{AC55B23B-DCBE-46E8-BDBC-886C6294CFC5}.Debug|Any CPU.Build.0 = Debug|Any CPU
		{AC55B23B-DCBE-46E8-BDBC-886C6294CFC5}.Release|Any CPU.ActiveCfg = Release|Any CPU
		{AC55B23B-DCBE-46E8-BDBC-886C6294CFC5}.Release|Any CPU.Build.0 = Release|Any CPU
		{7662135B-4771-4174-BCA2-ED8DBA965882}.Debug|Any CPU.ActiveCfg = Debug|Any CPU
		{7662135B-4771-4174-BCA2-ED8DBA965882}.Debug|Any CPU.Build.0 = Debug|Any CPU
		{7662135B-4771-4174-BCA2-ED8DBA965882}.Release|Any CPU.ActiveCfg = Release|Any CPU
		{7662135B-4771-4174-BCA2-ED8DBA965882}.Release|Any CPU.Build.0 = Release|Any CPU
		{EC38A30D-31CE-4C7A-9997-6018BA8B471A}.Debug|Any CPU.ActiveCfg = Debug|Any CPU
		{EC38A30D-31CE-4C7A-9997-6018BA8B471A}.Debug|Any CPU.Build.0 = Debug|Any CPU
		{EC38A30D-31CE-4C7A-9997-6018BA8B471A}.Release|Any CPU.ActiveCfg = Release|Any CPU
		{EC38A30D-31CE-4C7A-9997-6018BA8B471A}.Release|Any CPU.Build.0 = Release|Any CPU
		{72D77706-1F1E-45CA-BA95-F7B2CFBF2365}.Debug|Any CPU.ActiveCfg = Debug|Any CPU
		{72D77706-1F1E-45CA-BA95-F7B2CFBF2365}.Debug|Any CPU.Build.0 = Debug|Any CPU
		{72D77706-1F1E-45CA-BA95-F7B2CFBF2365}.Release|Any CPU.ActiveCfg = Release|Any CPU
		{72D77706-1F1E-45CA-BA95-F7B2CFBF2365}.Release|Any CPU.Build.0 = Release|Any CPU
		{C65CE52D-B858-4276-B8B1-D5CCB70DC90B}.Debug|Any CPU.ActiveCfg = Debug|Any CPU
		{C65CE52D-B858-4276-B8B1-D5CCB70DC90B}.Debug|Any CPU.Build.0 = Debug|Any CPU
		{C65CE52D-B858-4276-B8B1-D5CCB70DC90B}.Release|Any CPU.ActiveCfg = Release|Any CPU
		{C65CE52D-B858-4276-B8B1-D5CCB70DC90B}.Release|Any CPU.Build.0 = Release|Any CPU
		{5E9196B8-A3D9-4D22-8614-BD05614FD3FF}.Debug|Any CPU.ActiveCfg = Debug|Any CPU
		{5E9196B8-A3D9-4D22-8614-BD05614FD3FF}.Debug|Any CPU.Build.0 = Debug|Any CPU
		{5E9196B8-A3D9-4D22-8614-BD05614FD3FF}.Release|Any CPU.ActiveCfg = Release|Any CPU
		{5E9196B8-A3D9-4D22-8614-BD05614FD3FF}.Release|Any CPU.Build.0 = Release|Any CPU
		{9194BD6C-EF14-469B-884D-AF99E009D46C}.Debug|Any CPU.ActiveCfg = Debug|Any CPU
		{9194BD6C-EF14-469B-884D-AF99E009D46C}.Debug|Any CPU.Build.0 = Debug|Any CPU
		{9194BD6C-EF14-469B-884D-AF99E009D46C}.Release|Any CPU.ActiveCfg = Release|Any CPU
		{9194BD6C-EF14-469B-884D-AF99E009D46C}.Release|Any CPU.Build.0 = Release|Any CPU
		{D9C92371-8693-49FD-8258-95F6E89623CD}.Debug|Any CPU.ActiveCfg = Debug|Any CPU
		{D9C92371-8693-49FD-8258-95F6E89623CD}.Debug|Any CPU.Build.0 = Debug|Any CPU
		{D9C92371-8693-49FD-8258-95F6E89623CD}.Release|Any CPU.ActiveCfg = Release|Any CPU
		{D9C92371-8693-49FD-8258-95F6E89623CD}.Release|Any CPU.Build.0 = Release|Any CPU
		{CDF1B70E-E3A2-4128-A0BF-A514AB9A9A66}.Debug|Any CPU.ActiveCfg = Debug|Any CPU
		{CDF1B70E-E3A2-4128-A0BF-A514AB9A9A66}.Debug|Any CPU.Build.0 = Debug|Any CPU
		{CDF1B70E-E3A2-4128-A0BF-A514AB9A9A66}.Release|Any CPU.ActiveCfg = Release|Any CPU
		{CDF1B70E-E3A2-4128-A0BF-A514AB9A9A66}.Release|Any CPU.Build.0 = Release|Any CPU
		{360CBD23-98C4-47B1-90D2-ABBC113C039E}.Debug|Any CPU.ActiveCfg = Debug|Any CPU
		{360CBD23-98C4-47B1-90D2-ABBC113C039E}.Debug|Any CPU.Build.0 = Debug|Any CPU
		{360CBD23-98C4-47B1-90D2-ABBC113C039E}.Release|Any CPU.ActiveCfg = Release|Any CPU
		{360CBD23-98C4-47B1-90D2-ABBC113C039E}.Release|Any CPU.Build.0 = Release|Any CPU
		{F272DC91-D9BF-4C8D-9888-389F2F7AA1F1}.Debug|Any CPU.ActiveCfg = Debug|Any CPU
		{F272DC91-D9BF-4C8D-9888-389F2F7AA1F1}.Debug|Any CPU.Build.0 = Debug|Any CPU
		{F272DC91-D9BF-4C8D-9888-389F2F7AA1F1}.Release|Any CPU.ActiveCfg = Release|Any CPU
		{F272DC91-D9BF-4C8D-9888-389F2F7AA1F1}.Release|Any CPU.Build.0 = Release|Any CPU
		{BE57DCBA-1F67-496D-86B2-88061AE282F3}.Debug|Any CPU.ActiveCfg = Debug|Any CPU
		{BE57DCBA-1F67-496D-86B2-88061AE282F3}.Debug|Any CPU.Build.0 = Debug|Any CPU
		{BE57DCBA-1F67-496D-86B2-88061AE282F3}.Release|Any CPU.ActiveCfg = Release|Any CPU
		{BE57DCBA-1F67-496D-86B2-88061AE282F3}.Release|Any CPU.Build.0 = Release|Any CPU
		{5EBCE915-B87F-463D-82D2-A9DB937E950F}.Debug|Any CPU.ActiveCfg = Debug|Any CPU
		{5EBCE915-B87F-463D-82D2-A9DB937E950F}.Debug|Any CPU.Build.0 = Debug|Any CPU
		{5EBCE915-B87F-463D-82D2-A9DB937E950F}.Release|Any CPU.ActiveCfg = Release|Any CPU
		{5EBCE915-B87F-463D-82D2-A9DB937E950F}.Release|Any CPU.Build.0 = Release|Any CPU
		{75DEED52-3463-4089-9E71-1D0EAEA56EFB}.Debug|Any CPU.ActiveCfg = Debug|Any CPU
		{75DEED52-3463-4089-9E71-1D0EAEA56EFB}.Debug|Any CPU.Build.0 = Debug|Any CPU
		{75DEED52-3463-4089-9E71-1D0EAEA56EFB}.Release|Any CPU.ActiveCfg = Release|Any CPU
		{75DEED52-3463-4089-9E71-1D0EAEA56EFB}.Release|Any CPU.Build.0 = Release|Any CPU
		{7B8485DC-95EC-4877-B00D-E7C27A37DAE6}.Debug|Any CPU.ActiveCfg = Debug|Any CPU
		{7B8485DC-95EC-4877-B00D-E7C27A37DAE6}.Debug|Any CPU.Build.0 = Debug|Any CPU
		{7B8485DC-95EC-4877-B00D-E7C27A37DAE6}.Release|Any CPU.ActiveCfg = Release|Any CPU
		{7B8485DC-95EC-4877-B00D-E7C27A37DAE6}.Release|Any CPU.Build.0 = Release|Any CPU
		{5F2534F3-77AB-4153-9B41-01A432DF5828}.Debug|Any CPU.ActiveCfg = Debug|Any CPU
		{5F2534F3-77AB-4153-9B41-01A432DF5828}.Debug|Any CPU.Build.0 = Debug|Any CPU
		{5F2534F3-77AB-4153-9B41-01A432DF5828}.Release|Any CPU.ActiveCfg = Release|Any CPU
		{5F2534F3-77AB-4153-9B41-01A432DF5828}.Release|Any CPU.Build.0 = Release|Any CPU
		{6452ABDE-8567-4417-AE0F-91C5A7FDC3F9}.Debug|Any CPU.ActiveCfg = Debug|Any CPU
		{6452ABDE-8567-4417-AE0F-91C5A7FDC3F9}.Debug|Any CPU.Build.0 = Debug|Any CPU
		{6452ABDE-8567-4417-AE0F-91C5A7FDC3F9}.Release|Any CPU.ActiveCfg = Release|Any CPU
		{6452ABDE-8567-4417-AE0F-91C5A7FDC3F9}.Release|Any CPU.Build.0 = Release|Any CPU
		{2B141597-EECE-4F20-A6CA-3507AAF58CBA}.Debug|Any CPU.ActiveCfg = Debug|Any CPU
		{2B141597-EECE-4F20-A6CA-3507AAF58CBA}.Debug|Any CPU.Build.0 = Debug|Any CPU
		{2B141597-EECE-4F20-A6CA-3507AAF58CBA}.Release|Any CPU.ActiveCfg = Release|Any CPU
		{2B141597-EECE-4F20-A6CA-3507AAF58CBA}.Release|Any CPU.Build.0 = Release|Any CPU
		{43384772-D1D3-4AE0-84C4-95B2F023F333}.Debug|Any CPU.ActiveCfg = Debug|Any CPU
		{43384772-D1D3-4AE0-84C4-95B2F023F333}.Debug|Any CPU.Build.0 = Debug|Any CPU
		{43384772-D1D3-4AE0-84C4-95B2F023F333}.Release|Any CPU.ActiveCfg = Release|Any CPU
		{43384772-D1D3-4AE0-84C4-95B2F023F333}.Release|Any CPU.Build.0 = Release|Any CPU
		{0895B13E-B611-4DD0-9B3E-A452661BD410}.Debug|Any CPU.ActiveCfg = Debug|Any CPU
		{0895B13E-B611-4DD0-9B3E-A452661BD410}.Debug|Any CPU.Build.0 = Debug|Any CPU
		{0895B13E-B611-4DD0-9B3E-A452661BD410}.Release|Any CPU.ActiveCfg = Release|Any CPU
		{0895B13E-B611-4DD0-9B3E-A452661BD410}.Release|Any CPU.Build.0 = Release|Any CPU
		{F2CBB264-C207-46DB-AAF9-3F5C8D3314B8}.Debug|Any CPU.ActiveCfg = Debug|Any CPU
		{F2CBB264-C207-46DB-AAF9-3F5C8D3314B8}.Debug|Any CPU.Build.0 = Debug|Any CPU
		{F2CBB264-C207-46DB-AAF9-3F5C8D3314B8}.Release|Any CPU.ActiveCfg = Release|Any CPU
		{F2CBB264-C207-46DB-AAF9-3F5C8D3314B8}.Release|Any CPU.Build.0 = Release|Any CPU
		{58413A94-A267-447D-B505-4299478DFB53}.Debug|Any CPU.ActiveCfg = Debug|Any CPU
		{58413A94-A267-447D-B505-4299478DFB53}.Debug|Any CPU.Build.0 = Debug|Any CPU
		{58413A94-A267-447D-B505-4299478DFB53}.Release|Any CPU.ActiveCfg = Release|Any CPU
		{58413A94-A267-447D-B505-4299478DFB53}.Release|Any CPU.Build.0 = Release|Any CPU
		{B9CA27D1-AA1E-4300-841C-CC00712C662E}.Debug|Any CPU.ActiveCfg = Debug|Any CPU
		{B9CA27D1-AA1E-4300-841C-CC00712C662E}.Debug|Any CPU.Build.0 = Debug|Any CPU
		{B9CA27D1-AA1E-4300-841C-CC00712C662E}.Release|Any CPU.ActiveCfg = Release|Any CPU
		{B9CA27D1-AA1E-4300-841C-CC00712C662E}.Release|Any CPU.Build.0 = Release|Any CPU
		{6ED4E32A-712D-4B07-A463-BA26B3874E51}.Debug|Any CPU.ActiveCfg = Debug|Any CPU
		{6ED4E32A-712D-4B07-A463-BA26B3874E51}.Debug|Any CPU.Build.0 = Debug|Any CPU
		{6ED4E32A-712D-4B07-A463-BA26B3874E51}.Release|Any CPU.ActiveCfg = Release|Any CPU
		{6ED4E32A-712D-4B07-A463-BA26B3874E51}.Release|Any CPU.Build.0 = Release|Any CPU
		{7837F5A9-D512-4222-91D8-B0E34FF62782}.Debug|Any CPU.ActiveCfg = Debug|Any CPU
		{7837F5A9-D512-4222-91D8-B0E34FF62782}.Debug|Any CPU.Build.0 = Debug|Any CPU
		{7837F5A9-D512-4222-91D8-B0E34FF62782}.Release|Any CPU.ActiveCfg = Release|Any CPU
		{7837F5A9-D512-4222-91D8-B0E34FF62782}.Release|Any CPU.Build.0 = Release|Any CPU
		{908F7F4E-E51E-4B48-B0D5-99C79120D58C}.Debug|Any CPU.ActiveCfg = Debug|Any CPU
		{908F7F4E-E51E-4B48-B0D5-99C79120D58C}.Debug|Any CPU.Build.0 = Debug|Any CPU
		{908F7F4E-E51E-4B48-B0D5-99C79120D58C}.Release|Any CPU.ActiveCfg = Release|Any CPU
		{908F7F4E-E51E-4B48-B0D5-99C79120D58C}.Release|Any CPU.Build.0 = Release|Any CPU
		{F615C6BC-9B6B-407B-8F6A-3B4EDB506AFD}.Debug|Any CPU.ActiveCfg = Debug|Any CPU
		{F615C6BC-9B6B-407B-8F6A-3B4EDB506AFD}.Debug|Any CPU.Build.0 = Debug|Any CPU
		{F615C6BC-9B6B-407B-8F6A-3B4EDB506AFD}.Release|Any CPU.ActiveCfg = Release|Any CPU
		{F615C6BC-9B6B-407B-8F6A-3B4EDB506AFD}.Release|Any CPU.Build.0 = Release|Any CPU
		{682005B5-9751-4BE1-A71C-3CD3902A3B50}.Debug|Any CPU.ActiveCfg = Debug|Any CPU
		{682005B5-9751-4BE1-A71C-3CD3902A3B50}.Debug|Any CPU.Build.0 = Debug|Any CPU
		{682005B5-9751-4BE1-A71C-3CD3902A3B50}.Release|Any CPU.ActiveCfg = Release|Any CPU
		{682005B5-9751-4BE1-A71C-3CD3902A3B50}.Release|Any CPU.Build.0 = Release|Any CPU
		{2F074411-5D17-4582-8357-33EE9B8B8BB4}.Debug|Any CPU.ActiveCfg = Debug|Any CPU
		{2F074411-5D17-4582-8357-33EE9B8B8BB4}.Debug|Any CPU.Build.0 = Debug|Any CPU
		{2F074411-5D17-4582-8357-33EE9B8B8BB4}.Release|Any CPU.ActiveCfg = Release|Any CPU
		{2F074411-5D17-4582-8357-33EE9B8B8BB4}.Release|Any CPU.Build.0 = Release|Any CPU
		{F8A4BCAA-7CF8-4AC5-A6B3-DB85BE4A03EA}.Debug|Any CPU.ActiveCfg = Debug|Any CPU
		{F8A4BCAA-7CF8-4AC5-A6B3-DB85BE4A03EA}.Debug|Any CPU.Build.0 = Debug|Any CPU
		{F8A4BCAA-7CF8-4AC5-A6B3-DB85BE4A03EA}.Release|Any CPU.ActiveCfg = Release|Any CPU
		{F8A4BCAA-7CF8-4AC5-A6B3-DB85BE4A03EA}.Release|Any CPU.Build.0 = Release|Any CPU
		{E0ADD9B5-78AB-4FD8-BE35-1019E12DF1A5}.Debug|Any CPU.ActiveCfg = Debug|Any CPU
		{E0ADD9B5-78AB-4FD8-BE35-1019E12DF1A5}.Debug|Any CPU.Build.0 = Debug|Any CPU
		{E0ADD9B5-78AB-4FD8-BE35-1019E12DF1A5}.Release|Any CPU.ActiveCfg = Release|Any CPU
		{E0ADD9B5-78AB-4FD8-BE35-1019E12DF1A5}.Release|Any CPU.Build.0 = Release|Any CPU
		{C4CBA701-F5D7-4FFD-B7C9-171D0FD12ADA}.Debug|Any CPU.ActiveCfg = Debug|Any CPU
		{C4CBA701-F5D7-4FFD-B7C9-171D0FD12ADA}.Debug|Any CPU.Build.0 = Debug|Any CPU
		{C4CBA701-F5D7-4FFD-B7C9-171D0FD12ADA}.Release|Any CPU.ActiveCfg = Release|Any CPU
		{C4CBA701-F5D7-4FFD-B7C9-171D0FD12ADA}.Release|Any CPU.Build.0 = Release|Any CPU
		{1C8C5CDD-C126-4508-AA0F-FB0826A15969}.Debug|Any CPU.ActiveCfg = Debug|Any CPU
		{1C8C5CDD-C126-4508-AA0F-FB0826A15969}.Debug|Any CPU.Build.0 = Debug|Any CPU
		{1C8C5CDD-C126-4508-AA0F-FB0826A15969}.Release|Any CPU.ActiveCfg = Release|Any CPU
		{1C8C5CDD-C126-4508-AA0F-FB0826A15969}.Release|Any CPU.Build.0 = Release|Any CPU
		{CF4EA98B-4447-49F1-8B2A-77E0734C0A9E}.Debug|Any CPU.ActiveCfg = Debug|Any CPU
		{CF4EA98B-4447-49F1-8B2A-77E0734C0A9E}.Debug|Any CPU.Build.0 = Debug|Any CPU
		{CF4EA98B-4447-49F1-8B2A-77E0734C0A9E}.Release|Any CPU.ActiveCfg = Release|Any CPU
		{CF4EA98B-4447-49F1-8B2A-77E0734C0A9E}.Release|Any CPU.Build.0 = Release|Any CPU
		{245D2831-1522-4268-A98F-DCDDE8495F69}.Debug|Any CPU.ActiveCfg = Debug|Any CPU
		{245D2831-1522-4268-A98F-DCDDE8495F69}.Debug|Any CPU.Build.0 = Debug|Any CPU
		{245D2831-1522-4268-A98F-DCDDE8495F69}.Release|Any CPU.ActiveCfg = Release|Any CPU
		{245D2831-1522-4268-A98F-DCDDE8495F69}.Release|Any CPU.Build.0 = Release|Any CPU
		{C66EA7D6-D3B4-433C-A22D-716555A29F70}.Debug|Any CPU.ActiveCfg = Debug|Any CPU
		{C66EA7D6-D3B4-433C-A22D-716555A29F70}.Debug|Any CPU.Build.0 = Debug|Any CPU
		{C66EA7D6-D3B4-433C-A22D-716555A29F70}.Release|Any CPU.ActiveCfg = Release|Any CPU
		{C66EA7D6-D3B4-433C-A22D-716555A29F70}.Release|Any CPU.Build.0 = Release|Any CPU
		{E63065EF-0D21-401F-9E76-9AF3401AE34A}.Debug|Any CPU.ActiveCfg = Debug|Any CPU
		{E63065EF-0D21-401F-9E76-9AF3401AE34A}.Debug|Any CPU.Build.0 = Debug|Any CPU
		{E63065EF-0D21-401F-9E76-9AF3401AE34A}.Release|Any CPU.ActiveCfg = Release|Any CPU
		{E63065EF-0D21-401F-9E76-9AF3401AE34A}.Release|Any CPU.Build.0 = Release|Any CPU
		{8BE18799-4F3C-48E4-9EF7-E1855E978D5D}.Debug|Any CPU.ActiveCfg = Debug|Any CPU
		{8BE18799-4F3C-48E4-9EF7-E1855E978D5D}.Debug|Any CPU.Build.0 = Debug|Any CPU
		{8BE18799-4F3C-48E4-9EF7-E1855E978D5D}.Release|Any CPU.ActiveCfg = Release|Any CPU
		{8BE18799-4F3C-48E4-9EF7-E1855E978D5D}.Release|Any CPU.Build.0 = Release|Any CPU
		{08FBFD87-1E7C-4D40-99EF-D8C8A32AFFC2}.Debug|Any CPU.ActiveCfg = Debug|Any CPU
		{08FBFD87-1E7C-4D40-99EF-D8C8A32AFFC2}.Debug|Any CPU.Build.0 = Debug|Any CPU
		{08FBFD87-1E7C-4D40-99EF-D8C8A32AFFC2}.Release|Any CPU.ActiveCfg = Release|Any CPU
		{08FBFD87-1E7C-4D40-99EF-D8C8A32AFFC2}.Release|Any CPU.Build.0 = Release|Any CPU
		{BBA9983C-5D72-463D-BCE1-8A67B2CE6D00}.Debug|Any CPU.ActiveCfg = Debug|Any CPU
		{BBA9983C-5D72-463D-BCE1-8A67B2CE6D00}.Debug|Any CPU.Build.0 = Debug|Any CPU
		{BBA9983C-5D72-463D-BCE1-8A67B2CE6D00}.Release|Any CPU.ActiveCfg = Release|Any CPU
		{BBA9983C-5D72-463D-BCE1-8A67B2CE6D00}.Release|Any CPU.Build.0 = Release|Any CPU
		{01DADD48-2BC5-4D1C-88CB-76340E73DC99}.Debug|Any CPU.ActiveCfg = Debug|Any CPU
		{01DADD48-2BC5-4D1C-88CB-76340E73DC99}.Debug|Any CPU.Build.0 = Debug|Any CPU
		{01DADD48-2BC5-4D1C-88CB-76340E73DC99}.Release|Any CPU.ActiveCfg = Release|Any CPU
		{01DADD48-2BC5-4D1C-88CB-76340E73DC99}.Release|Any CPU.Build.0 = Release|Any CPU
		{153B24CA-DA2A-430A-ABE3-D65E47F7702C}.Debug|Any CPU.ActiveCfg = Debug|Any CPU
		{153B24CA-DA2A-430A-ABE3-D65E47F7702C}.Debug|Any CPU.Build.0 = Debug|Any CPU
		{153B24CA-DA2A-430A-ABE3-D65E47F7702C}.Release|Any CPU.ActiveCfg = Release|Any CPU
		{153B24CA-DA2A-430A-ABE3-D65E47F7702C}.Release|Any CPU.Build.0 = Release|Any CPU
		{9FE6B7AE-11B9-472D-9861-7D20AEF85420}.Debug|Any CPU.ActiveCfg = Debug|Any CPU
		{9FE6B7AE-11B9-472D-9861-7D20AEF85420}.Debug|Any CPU.Build.0 = Debug|Any CPU
		{9FE6B7AE-11B9-472D-9861-7D20AEF85420}.Release|Any CPU.ActiveCfg = Release|Any CPU
		{9FE6B7AE-11B9-472D-9861-7D20AEF85420}.Release|Any CPU.Build.0 = Release|Any CPU
		{5E021F72-1B94-43A1-976B-ECFC928966E5}.Debug|Any CPU.ActiveCfg = Debug|Any CPU
		{5E021F72-1B94-43A1-976B-ECFC928966E5}.Debug|Any CPU.Build.0 = Debug|Any CPU
		{5E021F72-1B94-43A1-976B-ECFC928966E5}.Release|Any CPU.ActiveCfg = Release|Any CPU
		{5E021F72-1B94-43A1-976B-ECFC928966E5}.Release|Any CPU.Build.0 = Release|Any CPU
		{0E8C0EC7-271B-41D1-AB1C-287EB68CA782}.Debug|Any CPU.ActiveCfg = Debug|Any CPU
		{0E8C0EC7-271B-41D1-AB1C-287EB68CA782}.Debug|Any CPU.Build.0 = Debug|Any CPU
		{0E8C0EC7-271B-41D1-AB1C-287EB68CA782}.Release|Any CPU.ActiveCfg = Release|Any CPU
		{0E8C0EC7-271B-41D1-AB1C-287EB68CA782}.Release|Any CPU.Build.0 = Release|Any CPU
		{3200C1AE-9FCB-41FE-B6D4-B196B6480052}.Debug|Any CPU.ActiveCfg = Debug|Any CPU
		{3200C1AE-9FCB-41FE-B6D4-B196B6480052}.Debug|Any CPU.Build.0 = Debug|Any CPU
		{3200C1AE-9FCB-41FE-B6D4-B196B6480052}.Release|Any CPU.ActiveCfg = Release|Any CPU
		{3200C1AE-9FCB-41FE-B6D4-B196B6480052}.Release|Any CPU.Build.0 = Release|Any CPU
		{390B0E6A-0A56-4502-99B3-4C4C3649F398}.Debug|Any CPU.ActiveCfg = Debug|Any CPU
		{390B0E6A-0A56-4502-99B3-4C4C3649F398}.Debug|Any CPU.Build.0 = Debug|Any CPU
		{390B0E6A-0A56-4502-99B3-4C4C3649F398}.Release|Any CPU.ActiveCfg = Release|Any CPU
		{390B0E6A-0A56-4502-99B3-4C4C3649F398}.Release|Any CPU.Build.0 = Release|Any CPU
		{D07C062E-0768-4CCA-94E9-CFF1AB34AD9A}.Debug|Any CPU.ActiveCfg = Debug|Any CPU
		{D07C062E-0768-4CCA-94E9-CFF1AB34AD9A}.Debug|Any CPU.Build.0 = Debug|Any CPU
		{D07C062E-0768-4CCA-94E9-CFF1AB34AD9A}.Release|Any CPU.ActiveCfg = Release|Any CPU
		{D07C062E-0768-4CCA-94E9-CFF1AB34AD9A}.Release|Any CPU.Build.0 = Release|Any CPU
		{8019D386-A518-4E3E-A61B-02FEF5BC68C9}.Debug|Any CPU.ActiveCfg = Debug|Any CPU
		{8019D386-A518-4E3E-A61B-02FEF5BC68C9}.Debug|Any CPU.Build.0 = Debug|Any CPU
		{8019D386-A518-4E3E-A61B-02FEF5BC68C9}.Release|Any CPU.ActiveCfg = Release|Any CPU
		{8019D386-A518-4E3E-A61B-02FEF5BC68C9}.Release|Any CPU.Build.0 = Release|Any CPU
		{7FE4F2F8-6ECA-49EE-B58B-32BBA78F92BA}.Debug|Any CPU.ActiveCfg = Debug|Any CPU
		{7FE4F2F8-6ECA-49EE-B58B-32BBA78F92BA}.Debug|Any CPU.Build.0 = Debug|Any CPU
		{7FE4F2F8-6ECA-49EE-B58B-32BBA78F92BA}.Release|Any CPU.ActiveCfg = Release|Any CPU
		{7FE4F2F8-6ECA-49EE-B58B-32BBA78F92BA}.Release|Any CPU.Build.0 = Release|Any CPU
		{053DC439-8C0F-4829-BBA9-7F788E0E04FD}.Debug|Any CPU.ActiveCfg = Debug|Any CPU
		{053DC439-8C0F-4829-BBA9-7F788E0E04FD}.Debug|Any CPU.Build.0 = Debug|Any CPU
		{053DC439-8C0F-4829-BBA9-7F788E0E04FD}.Release|Any CPU.ActiveCfg = Release|Any CPU
		{053DC439-8C0F-4829-BBA9-7F788E0E04FD}.Release|Any CPU.Build.0 = Release|Any CPU
		{E3048A36-0552-44F0-A380-B625FD8754FB}.Debug|Any CPU.ActiveCfg = Debug|Any CPU
		{E3048A36-0552-44F0-A380-B625FD8754FB}.Debug|Any CPU.Build.0 = Debug|Any CPU
		{E3048A36-0552-44F0-A380-B625FD8754FB}.Release|Any CPU.ActiveCfg = Release|Any CPU
		{E3048A36-0552-44F0-A380-B625FD8754FB}.Release|Any CPU.Build.0 = Release|Any CPU
		{50B3769D-5014-41C8-99CF-8B7259D05E25}.Debug|Any CPU.ActiveCfg = Debug|Any CPU
		{50B3769D-5014-41C8-99CF-8B7259D05E25}.Debug|Any CPU.Build.0 = Debug|Any CPU
		{50B3769D-5014-41C8-99CF-8B7259D05E25}.Release|Any CPU.ActiveCfg = Release|Any CPU
		{50B3769D-5014-41C8-99CF-8B7259D05E25}.Release|Any CPU.Build.0 = Release|Any CPU
		{79E0CCAF-7BB0-4A8A-94BA-C2F549A823EC}.Debug|Any CPU.ActiveCfg = Debug|Any CPU
		{79E0CCAF-7BB0-4A8A-94BA-C2F549A823EC}.Debug|Any CPU.Build.0 = Debug|Any CPU
		{79E0CCAF-7BB0-4A8A-94BA-C2F549A823EC}.Release|Any CPU.ActiveCfg = Release|Any CPU
		{79E0CCAF-7BB0-4A8A-94BA-C2F549A823EC}.Release|Any CPU.Build.0 = Release|Any CPU
		{72794560-7219-4473-9A99-9A56D3E75EBD}.Debug|Any CPU.ActiveCfg = Debug|Any CPU
		{72794560-7219-4473-9A99-9A56D3E75EBD}.Debug|Any CPU.Build.0 = Debug|Any CPU
		{72794560-7219-4473-9A99-9A56D3E75EBD}.Release|Any CPU.ActiveCfg = Release|Any CPU
		{72794560-7219-4473-9A99-9A56D3E75EBD}.Release|Any CPU.Build.0 = Release|Any CPU
		{3A8CF89A-DD4C-4317-B9D0-2BAD45D4C337}.Debug|Any CPU.ActiveCfg = Debug|Any CPU
		{3A8CF89A-DD4C-4317-B9D0-2BAD45D4C337}.Debug|Any CPU.Build.0 = Debug|Any CPU
		{3A8CF89A-DD4C-4317-B9D0-2BAD45D4C337}.Release|Any CPU.ActiveCfg = Release|Any CPU
		{3A8CF89A-DD4C-4317-B9D0-2BAD45D4C337}.Release|Any CPU.Build.0 = Release|Any CPU
		{A7B87F02-BC78-410C-BDB6-1BE05797988C}.Debug|Any CPU.ActiveCfg = Debug|Any CPU
		{A7B87F02-BC78-410C-BDB6-1BE05797988C}.Debug|Any CPU.Build.0 = Debug|Any CPU
		{A7B87F02-BC78-410C-BDB6-1BE05797988C}.Release|Any CPU.ActiveCfg = Release|Any CPU
		{A7B87F02-BC78-410C-BDB6-1BE05797988C}.Release|Any CPU.Build.0 = Release|Any CPU
		{36B3B5E5-0200-42EA-A0AC-3B6DE34685D3}.Debug|Any CPU.ActiveCfg = Debug|Any CPU
		{36B3B5E5-0200-42EA-A0AC-3B6DE34685D3}.Debug|Any CPU.Build.0 = Debug|Any CPU
		{36B3B5E5-0200-42EA-A0AC-3B6DE34685D3}.Release|Any CPU.ActiveCfg = Release|Any CPU
		{36B3B5E5-0200-42EA-A0AC-3B6DE34685D3}.Release|Any CPU.Build.0 = Release|Any CPU
		{7AFB02E7-D386-4895-B9A0-9B97F30797EF}.Debug|Any CPU.ActiveCfg = Debug|Any CPU
		{7AFB02E7-D386-4895-B9A0-9B97F30797EF}.Debug|Any CPU.Build.0 = Debug|Any CPU
		{7AFB02E7-D386-4895-B9A0-9B97F30797EF}.Release|Any CPU.ActiveCfg = Release|Any CPU
		{7AFB02E7-D386-4895-B9A0-9B97F30797EF}.Release|Any CPU.Build.0 = Release|Any CPU
		{17B61B86-C4F1-4828-9DBB-AF2E87B567CE}.Debug|Any CPU.ActiveCfg = Debug|Any CPU
		{17B61B86-C4F1-4828-9DBB-AF2E87B567CE}.Debug|Any CPU.Build.0 = Debug|Any CPU
		{17B61B86-C4F1-4828-9DBB-AF2E87B567CE}.Release|Any CPU.ActiveCfg = Release|Any CPU
		{17B61B86-C4F1-4828-9DBB-AF2E87B567CE}.Release|Any CPU.Build.0 = Release|Any CPU
		{C13CDA4C-A536-4BA2-A31C-CB5A9A196F4D}.Debug|Any CPU.ActiveCfg = Debug|Any CPU
		{C13CDA4C-A536-4BA2-A31C-CB5A9A196F4D}.Debug|Any CPU.Build.0 = Debug|Any CPU
		{C13CDA4C-A536-4BA2-A31C-CB5A9A196F4D}.Release|Any CPU.ActiveCfg = Release|Any CPU
		{C13CDA4C-A536-4BA2-A31C-CB5A9A196F4D}.Release|Any CPU.Build.0 = Release|Any CPU
		{79D6ADD9-829B-4C02-9204-82D47B1C2554}.Debug|Any CPU.ActiveCfg = Debug|Any CPU
		{79D6ADD9-829B-4C02-9204-82D47B1C2554}.Debug|Any CPU.Build.0 = Debug|Any CPU
		{79D6ADD9-829B-4C02-9204-82D47B1C2554}.Release|Any CPU.ActiveCfg = Release|Any CPU
		{79D6ADD9-829B-4C02-9204-82D47B1C2554}.Release|Any CPU.Build.0 = Release|Any CPU
		{DD171179-509D-460F-B6C4-67F6FB2D7783}.Debug|Any CPU.ActiveCfg = Debug|Any CPU
		{DD171179-509D-460F-B6C4-67F6FB2D7783}.Debug|Any CPU.Build.0 = Debug|Any CPU
		{DD171179-509D-460F-B6C4-67F6FB2D7783}.Release|Any CPU.ActiveCfg = Release|Any CPU
		{DD171179-509D-460F-B6C4-67F6FB2D7783}.Release|Any CPU.Build.0 = Release|Any CPU
		{D448EC4B-FB3B-454C-8DFF-8C252D02F925}.Debug|Any CPU.ActiveCfg = Debug|Any CPU
		{D448EC4B-FB3B-454C-8DFF-8C252D02F925}.Debug|Any CPU.Build.0 = Debug|Any CPU
		{D448EC4B-FB3B-454C-8DFF-8C252D02F925}.Release|Any CPU.ActiveCfg = Release|Any CPU
		{D448EC4B-FB3B-454C-8DFF-8C252D02F925}.Release|Any CPU.Build.0 = Release|Any CPU
		{3802E5C0-93E6-4F83-90D5-74F84C17961D}.Debug|Any CPU.ActiveCfg = Debug|Any CPU
		{3802E5C0-93E6-4F83-90D5-74F84C17961D}.Debug|Any CPU.Build.0 = Debug|Any CPU
		{3802E5C0-93E6-4F83-90D5-74F84C17961D}.Release|Any CPU.ActiveCfg = Release|Any CPU
		{3802E5C0-93E6-4F83-90D5-74F84C17961D}.Release|Any CPU.Build.0 = Release|Any CPU
		{D7C14AC0-BA37-4416-B248-EF956344B757}.Debug|Any CPU.ActiveCfg = Debug|Any CPU
		{D7C14AC0-BA37-4416-B248-EF956344B757}.Debug|Any CPU.Build.0 = Debug|Any CPU
		{D7C14AC0-BA37-4416-B248-EF956344B757}.Release|Any CPU.ActiveCfg = Release|Any CPU
		{D7C14AC0-BA37-4416-B248-EF956344B757}.Release|Any CPU.Build.0 = Release|Any CPU
		{64B32886-1F20-4892-82C3-AE06243B90E8}.Debug|Any CPU.ActiveCfg = Debug|Any CPU
		{64B32886-1F20-4892-82C3-AE06243B90E8}.Debug|Any CPU.Build.0 = Debug|Any CPU
		{64B32886-1F20-4892-82C3-AE06243B90E8}.Release|Any CPU.ActiveCfg = Release|Any CPU
		{64B32886-1F20-4892-82C3-AE06243B90E8}.Release|Any CPU.Build.0 = Release|Any CPU
		{AF57FA48-8978-4EB2-813A-1B31167A2D37}.Debug|Any CPU.ActiveCfg = Debug|Any CPU
		{AF57FA48-8978-4EB2-813A-1B31167A2D37}.Debug|Any CPU.Build.0 = Debug|Any CPU
		{AF57FA48-8978-4EB2-813A-1B31167A2D37}.Release|Any CPU.ActiveCfg = Release|Any CPU
		{AF57FA48-8978-4EB2-813A-1B31167A2D37}.Release|Any CPU.Build.0 = Release|Any CPU
		{8C7E545F-3D3E-4D50-AE5D-E105883049A1}.Debug|Any CPU.ActiveCfg = Debug|Any CPU
		{8C7E545F-3D3E-4D50-AE5D-E105883049A1}.Debug|Any CPU.Build.0 = Debug|Any CPU
		{8C7E545F-3D3E-4D50-AE5D-E105883049A1}.Release|Any CPU.ActiveCfg = Release|Any CPU
		{8C7E545F-3D3E-4D50-AE5D-E105883049A1}.Release|Any CPU.Build.0 = Release|Any CPU
		{D9497728-46FA-41EF-A9D3-FFD45C26C4D6}.Debug|Any CPU.ActiveCfg = Debug|Any CPU
		{D9497728-46FA-41EF-A9D3-FFD45C26C4D6}.Debug|Any CPU.Build.0 = Debug|Any CPU
		{D9497728-46FA-41EF-A9D3-FFD45C26C4D6}.Release|Any CPU.ActiveCfg = Release|Any CPU
		{D9497728-46FA-41EF-A9D3-FFD45C26C4D6}.Release|Any CPU.Build.0 = Release|Any CPU
		{7013B910-3DCE-48C9-B40B-F8CF16FA58E9}.Debug|Any CPU.ActiveCfg = Debug|Any CPU
		{7013B910-3DCE-48C9-B40B-F8CF16FA58E9}.Debug|Any CPU.Build.0 = Debug|Any CPU
		{7013B910-3DCE-48C9-B40B-F8CF16FA58E9}.Release|Any CPU.ActiveCfg = Release|Any CPU
		{7013B910-3DCE-48C9-B40B-F8CF16FA58E9}.Release|Any CPU.Build.0 = Release|Any CPU
		{DAC9084F-BFDF-4F83-AC25-9B313B80A1D8}.Debug|Any CPU.ActiveCfg = Debug|Any CPU
		{DAC9084F-BFDF-4F83-AC25-9B313B80A1D8}.Debug|Any CPU.Build.0 = Debug|Any CPU
		{DAC9084F-BFDF-4F83-AC25-9B313B80A1D8}.Release|Any CPU.ActiveCfg = Release|Any CPU
		{DAC9084F-BFDF-4F83-AC25-9B313B80A1D8}.Release|Any CPU.Build.0 = Release|Any CPU
		{526103D6-F223-4D6C-8053-F3B416626C87}.Debug|Any CPU.ActiveCfg = Debug|Any CPU
		{526103D6-F223-4D6C-8053-F3B416626C87}.Debug|Any CPU.Build.0 = Debug|Any CPU
		{526103D6-F223-4D6C-8053-F3B416626C87}.Release|Any CPU.ActiveCfg = Release|Any CPU
		{526103D6-F223-4D6C-8053-F3B416626C87}.Release|Any CPU.Build.0 = Release|Any CPU
		{03BF8738-2C8C-4004-B8FA-524ACFE2F787}.Debug|Any CPU.ActiveCfg = Debug|Any CPU
		{03BF8738-2C8C-4004-B8FA-524ACFE2F787}.Debug|Any CPU.Build.0 = Debug|Any CPU
		{03BF8738-2C8C-4004-B8FA-524ACFE2F787}.Release|Any CPU.ActiveCfg = Release|Any CPU
		{03BF8738-2C8C-4004-B8FA-524ACFE2F787}.Release|Any CPU.Build.0 = Release|Any CPU
		{256F6D43-4348-48C1-B9C8-27A26863DC21}.Debug|Any CPU.ActiveCfg = Debug|Any CPU
		{256F6D43-4348-48C1-B9C8-27A26863DC21}.Debug|Any CPU.Build.0 = Debug|Any CPU
		{256F6D43-4348-48C1-B9C8-27A26863DC21}.Release|Any CPU.ActiveCfg = Release|Any CPU
		{256F6D43-4348-48C1-B9C8-27A26863DC21}.Release|Any CPU.Build.0 = Release|Any CPU
		{8161C57C-CD1C-4EDF-8264-8A58D0A91BD8}.Debug|Any CPU.ActiveCfg = Debug|Any CPU
		{8161C57C-CD1C-4EDF-8264-8A58D0A91BD8}.Debug|Any CPU.Build.0 = Debug|Any CPU
		{8161C57C-CD1C-4EDF-8264-8A58D0A91BD8}.Release|Any CPU.ActiveCfg = Release|Any CPU
		{8161C57C-CD1C-4EDF-8264-8A58D0A91BD8}.Release|Any CPU.Build.0 = Release|Any CPU
		{7A664DAF-FE10-4183-B072-E65F2ACC527D}.Debug|Any CPU.ActiveCfg = Debug|Any CPU
		{7A664DAF-FE10-4183-B072-E65F2ACC527D}.Debug|Any CPU.Build.0 = Debug|Any CPU
		{7A664DAF-FE10-4183-B072-E65F2ACC527D}.Release|Any CPU.ActiveCfg = Release|Any CPU
		{7A664DAF-FE10-4183-B072-E65F2ACC527D}.Release|Any CPU.Build.0 = Release|Any CPU
		{752CCC8A-78AD-42A7-9A51-ADD62CD5AB7B}.Debug|Any CPU.ActiveCfg = Debug|Any CPU
		{752CCC8A-78AD-42A7-9A51-ADD62CD5AB7B}.Debug|Any CPU.Build.0 = Debug|Any CPU
		{752CCC8A-78AD-42A7-9A51-ADD62CD5AB7B}.Release|Any CPU.ActiveCfg = Release|Any CPU
		{752CCC8A-78AD-42A7-9A51-ADD62CD5AB7B}.Release|Any CPU.Build.0 = Release|Any CPU
		{A2AA5A24-E5C8-460B-8D42-C823B7EEEC28}.Debug|Any CPU.ActiveCfg = Debug|Any CPU
		{A2AA5A24-E5C8-460B-8D42-C823B7EEEC28}.Debug|Any CPU.Build.0 = Debug|Any CPU
		{A2AA5A24-E5C8-460B-8D42-C823B7EEEC28}.Release|Any CPU.ActiveCfg = Release|Any CPU
		{A2AA5A24-E5C8-460B-8D42-C823B7EEEC28}.Release|Any CPU.Build.0 = Release|Any CPU
		{0446C5A2-50F7-4B64-9AA1-0ED45DF6C38A}.Debug|Any CPU.ActiveCfg = Debug|Any CPU
		{0446C5A2-50F7-4B64-9AA1-0ED45DF6C38A}.Debug|Any CPU.Build.0 = Debug|Any CPU
		{0446C5A2-50F7-4B64-9AA1-0ED45DF6C38A}.Release|Any CPU.ActiveCfg = Release|Any CPU
		{0446C5A2-50F7-4B64-9AA1-0ED45DF6C38A}.Release|Any CPU.Build.0 = Release|Any CPU
		{96060DCF-3626-486D-9BEA-F1A4EE874D0C}.Debug|Any CPU.ActiveCfg = Debug|Any CPU
		{96060DCF-3626-486D-9BEA-F1A4EE874D0C}.Debug|Any CPU.Build.0 = Debug|Any CPU
		{96060DCF-3626-486D-9BEA-F1A4EE874D0C}.Release|Any CPU.ActiveCfg = Release|Any CPU
		{96060DCF-3626-486D-9BEA-F1A4EE874D0C}.Release|Any CPU.Build.0 = Release|Any CPU
		{037D94DB-B78F-4A57-AC40-5D7C46FCC8BD}.Debug|Any CPU.ActiveCfg = Debug|Any CPU
		{037D94DB-B78F-4A57-AC40-5D7C46FCC8BD}.Debug|Any CPU.Build.0 = Debug|Any CPU
		{037D94DB-B78F-4A57-AC40-5D7C46FCC8BD}.Release|Any CPU.ActiveCfg = Release|Any CPU
		{037D94DB-B78F-4A57-AC40-5D7C46FCC8BD}.Release|Any CPU.Build.0 = Release|Any CPU
		{41ED943C-1930-4836-9525-3D2658BEE318}.Debug|Any CPU.ActiveCfg = Debug|Any CPU
		{41ED943C-1930-4836-9525-3D2658BEE318}.Debug|Any CPU.Build.0 = Debug|Any CPU
		{41ED943C-1930-4836-9525-3D2658BEE318}.Release|Any CPU.ActiveCfg = Release|Any CPU
		{41ED943C-1930-4836-9525-3D2658BEE318}.Release|Any CPU.Build.0 = Release|Any CPU
		{4C870430-5AD2-4FE4-B0D7-189E3FE23BB6}.Debug|Any CPU.ActiveCfg = Debug|Any CPU
		{4C870430-5AD2-4FE4-B0D7-189E3FE23BB6}.Debug|Any CPU.Build.0 = Debug|Any CPU
		{4C870430-5AD2-4FE4-B0D7-189E3FE23BB6}.Release|Any CPU.ActiveCfg = Release|Any CPU
		{4C870430-5AD2-4FE4-B0D7-189E3FE23BB6}.Release|Any CPU.Build.0 = Release|Any CPU
		{86401813-989E-4AC3-98C9-D7EABDF2951F}.Debug|Any CPU.ActiveCfg = Debug|Any CPU
		{86401813-989E-4AC3-98C9-D7EABDF2951F}.Debug|Any CPU.Build.0 = Debug|Any CPU
		{86401813-989E-4AC3-98C9-D7EABDF2951F}.Release|Any CPU.ActiveCfg = Release|Any CPU
		{86401813-989E-4AC3-98C9-D7EABDF2951F}.Release|Any CPU.Build.0 = Release|Any CPU
		{630EFA8A-C5C5-42FE-AE9A-FA2AB3F7AA73}.Debug|Any CPU.ActiveCfg = Debug|Any CPU
		{630EFA8A-C5C5-42FE-AE9A-FA2AB3F7AA73}.Debug|Any CPU.Build.0 = Debug|Any CPU
		{630EFA8A-C5C5-42FE-AE9A-FA2AB3F7AA73}.Release|Any CPU.ActiveCfg = Release|Any CPU
		{630EFA8A-C5C5-42FE-AE9A-FA2AB3F7AA73}.Release|Any CPU.Build.0 = Release|Any CPU
		{F2C7688E-2971-4247-82EE-24784881DD21}.Debug|Any CPU.ActiveCfg = Debug|Any CPU
		{F2C7688E-2971-4247-82EE-24784881DD21}.Debug|Any CPU.Build.0 = Debug|Any CPU
		{F2C7688E-2971-4247-82EE-24784881DD21}.Release|Any CPU.ActiveCfg = Release|Any CPU
		{F2C7688E-2971-4247-82EE-24784881DD21}.Release|Any CPU.Build.0 = Release|Any CPU
		{DBB8F013-4D25-4EEA-80F2-88548EABAACD}.Debug|Any CPU.ActiveCfg = Debug|Any CPU
		{DBB8F013-4D25-4EEA-80F2-88548EABAACD}.Debug|Any CPU.Build.0 = Debug|Any CPU
		{DBB8F013-4D25-4EEA-80F2-88548EABAACD}.Release|Any CPU.ActiveCfg = Release|Any CPU
		{DBB8F013-4D25-4EEA-80F2-88548EABAACD}.Release|Any CPU.Build.0 = Release|Any CPU
		{B0300345-1C74-499B-BE2B-4EBFCC315CA9}.Debug|Any CPU.ActiveCfg = Debug|Any CPU
		{B0300345-1C74-499B-BE2B-4EBFCC315CA9}.Debug|Any CPU.Build.0 = Debug|Any CPU
		{B0300345-1C74-499B-BE2B-4EBFCC315CA9}.Release|Any CPU.ActiveCfg = Release|Any CPU
		{B0300345-1C74-499B-BE2B-4EBFCC315CA9}.Release|Any CPU.Build.0 = Release|Any CPU
		{CBB402C2-70E9-4BDD-8F40-5D17661C502B}.Debug|Any CPU.ActiveCfg = Debug|Any CPU
		{CBB402C2-70E9-4BDD-8F40-5D17661C502B}.Debug|Any CPU.Build.0 = Debug|Any CPU
		{CBB402C2-70E9-4BDD-8F40-5D17661C502B}.Release|Any CPU.ActiveCfg = Release|Any CPU
		{CBB402C2-70E9-4BDD-8F40-5D17661C502B}.Release|Any CPU.Build.0 = Release|Any CPU
		{6A25C1E3-F600-4ABD-A2C6-239124232F0F}.Debug|Any CPU.ActiveCfg = Debug|Any CPU
		{6A25C1E3-F600-4ABD-A2C6-239124232F0F}.Debug|Any CPU.Build.0 = Debug|Any CPU
		{6A25C1E3-F600-4ABD-A2C6-239124232F0F}.Release|Any CPU.ActiveCfg = Release|Any CPU
		{6A25C1E3-F600-4ABD-A2C6-239124232F0F}.Release|Any CPU.Build.0 = Release|Any CPU
		{F87F622D-B6AE-4C30-A8C8-34C34937DE39}.Debug|Any CPU.ActiveCfg = Debug|Any CPU
		{F87F622D-B6AE-4C30-A8C8-34C34937DE39}.Debug|Any CPU.Build.0 = Debug|Any CPU
		{F87F622D-B6AE-4C30-A8C8-34C34937DE39}.Release|Any CPU.ActiveCfg = Release|Any CPU
		{F87F622D-B6AE-4C30-A8C8-34C34937DE39}.Release|Any CPU.Build.0 = Release|Any CPU
		{D7DDABC4-6013-4D2C-A495-B41BAF0CC3C4}.Debug|Any CPU.ActiveCfg = Debug|Any CPU
		{D7DDABC4-6013-4D2C-A495-B41BAF0CC3C4}.Debug|Any CPU.Build.0 = Debug|Any CPU
		{D7DDABC4-6013-4D2C-A495-B41BAF0CC3C4}.Release|Any CPU.ActiveCfg = Release|Any CPU
		{D7DDABC4-6013-4D2C-A495-B41BAF0CC3C4}.Release|Any CPU.Build.0 = Release|Any CPU
		{1CA7BBB1-B871-4494-AED7-78246634E055}.Debug|Any CPU.ActiveCfg = Debug|Any CPU
		{1CA7BBB1-B871-4494-AED7-78246634E055}.Debug|Any CPU.Build.0 = Debug|Any CPU
		{1CA7BBB1-B871-4494-AED7-78246634E055}.Release|Any CPU.ActiveCfg = Release|Any CPU
		{1CA7BBB1-B871-4494-AED7-78246634E055}.Release|Any CPU.Build.0 = Release|Any CPU
		{8BEDAFCF-F3C9-45DF-84B7-2477F9A03F41}.Debug|Any CPU.ActiveCfg = Debug|Any CPU
		{8BEDAFCF-F3C9-45DF-84B7-2477F9A03F41}.Debug|Any CPU.Build.0 = Debug|Any CPU
		{8BEDAFCF-F3C9-45DF-84B7-2477F9A03F41}.Release|Any CPU.ActiveCfg = Release|Any CPU
		{8BEDAFCF-F3C9-45DF-84B7-2477F9A03F41}.Release|Any CPU.Build.0 = Release|Any CPU
		{38E42A47-5D70-448F-ABD1-D619F8D04729}.Debug|Any CPU.ActiveCfg = Debug|Any CPU
		{38E42A47-5D70-448F-ABD1-D619F8D04729}.Debug|Any CPU.Build.0 = Debug|Any CPU
		{38E42A47-5D70-448F-ABD1-D619F8D04729}.Release|Any CPU.ActiveCfg = Release|Any CPU
		{38E42A47-5D70-448F-ABD1-D619F8D04729}.Release|Any CPU.Build.0 = Release|Any CPU
		{E8D21D3A-3447-49BD-A149-1E77C7509555}.Debug|Any CPU.ActiveCfg = Debug|Any CPU
		{E8D21D3A-3447-49BD-A149-1E77C7509555}.Debug|Any CPU.Build.0 = Debug|Any CPU
		{E8D21D3A-3447-49BD-A149-1E77C7509555}.Release|Any CPU.ActiveCfg = Release|Any CPU
		{E8D21D3A-3447-49BD-A149-1E77C7509555}.Release|Any CPU.Build.0 = Release|Any CPU
		{4E67C42D-4033-4642-A410-8E7F147570A3}.Debug|Any CPU.ActiveCfg = Debug|Any CPU
		{4E67C42D-4033-4642-A410-8E7F147570A3}.Debug|Any CPU.Build.0 = Debug|Any CPU
		{4E67C42D-4033-4642-A410-8E7F147570A3}.Release|Any CPU.ActiveCfg = Release|Any CPU
		{4E67C42D-4033-4642-A410-8E7F147570A3}.Release|Any CPU.Build.0 = Release|Any CPU
		{4F744C20-F208-4791-806F-3F565BC07B9C}.Debug|Any CPU.ActiveCfg = Debug|Any CPU
		{4F744C20-F208-4791-806F-3F565BC07B9C}.Debug|Any CPU.Build.0 = Debug|Any CPU
		{4F744C20-F208-4791-806F-3F565BC07B9C}.Release|Any CPU.ActiveCfg = Release|Any CPU
		{4F744C20-F208-4791-806F-3F565BC07B9C}.Release|Any CPU.Build.0 = Release|Any CPU
		{A0B9403B-D3DB-4292-A902-C936AC763029}.Debug|Any CPU.ActiveCfg = Debug|Any CPU
		{A0B9403B-D3DB-4292-A902-C936AC763029}.Debug|Any CPU.Build.0 = Debug|Any CPU
		{A0B9403B-D3DB-4292-A902-C936AC763029}.Release|Any CPU.ActiveCfg = Release|Any CPU
		{A0B9403B-D3DB-4292-A902-C936AC763029}.Release|Any CPU.Build.0 = Release|Any CPU
		{BE994C5B-E4C2-4FCC-92EC-B0B165EC7BC6}.Debug|Any CPU.ActiveCfg = Debug|Any CPU
		{BE994C5B-E4C2-4FCC-92EC-B0B165EC7BC6}.Debug|Any CPU.Build.0 = Debug|Any CPU
		{BE994C5B-E4C2-4FCC-92EC-B0B165EC7BC6}.Release|Any CPU.ActiveCfg = Release|Any CPU
		{BE994C5B-E4C2-4FCC-92EC-B0B165EC7BC6}.Release|Any CPU.Build.0 = Release|Any CPU
		{F718263D-17E6-4A7D-9CAF-F94099D4CFC1}.Debug|Any CPU.ActiveCfg = Debug|Any CPU
		{F718263D-17E6-4A7D-9CAF-F94099D4CFC1}.Debug|Any CPU.Build.0 = Debug|Any CPU
		{F718263D-17E6-4A7D-9CAF-F94099D4CFC1}.Release|Any CPU.ActiveCfg = Release|Any CPU
		{F718263D-17E6-4A7D-9CAF-F94099D4CFC1}.Release|Any CPU.Build.0 = Release|Any CPU
		{15915874-B558-4CD4-A457-7A55B8487084}.Debug|Any CPU.ActiveCfg = Debug|Any CPU
		{15915874-B558-4CD4-A457-7A55B8487084}.Debug|Any CPU.Build.0 = Debug|Any CPU
		{15915874-B558-4CD4-A457-7A55B8487084}.Release|Any CPU.ActiveCfg = Release|Any CPU
		{15915874-B558-4CD4-A457-7A55B8487084}.Release|Any CPU.Build.0 = Release|Any CPU
		{E7183F35-F225-4C9B-B80F-BCAAAA47202B}.Debug|Any CPU.ActiveCfg = Debug|Any CPU
		{E7183F35-F225-4C9B-B80F-BCAAAA47202B}.Debug|Any CPU.Build.0 = Debug|Any CPU
		{E7183F35-F225-4C9B-B80F-BCAAAA47202B}.Release|Any CPU.ActiveCfg = Release|Any CPU
		{E7183F35-F225-4C9B-B80F-BCAAAA47202B}.Release|Any CPU.Build.0 = Release|Any CPU
		{D29BC201-6FF8-446D-A237-5DF52776F9AC}.Debug|Any CPU.ActiveCfg = Debug|Any CPU
		{D29BC201-6FF8-446D-A237-5DF52776F9AC}.Debug|Any CPU.Build.0 = Debug|Any CPU
		{D29BC201-6FF8-446D-A237-5DF52776F9AC}.Release|Any CPU.ActiveCfg = Release|Any CPU
		{D29BC201-6FF8-446D-A237-5DF52776F9AC}.Release|Any CPU.Build.0 = Release|Any CPU
		{4DB6936B-4926-4546-9515-0DA2AF1694DE}.Debug|Any CPU.ActiveCfg = Debug|Any CPU
		{4DB6936B-4926-4546-9515-0DA2AF1694DE}.Debug|Any CPU.Build.0 = Debug|Any CPU
		{4DB6936B-4926-4546-9515-0DA2AF1694DE}.Release|Any CPU.ActiveCfg = Release|Any CPU
		{4DB6936B-4926-4546-9515-0DA2AF1694DE}.Release|Any CPU.Build.0 = Release|Any CPU
		{98384AE4-37EB-4C51-9C4C-5116BC88F46E}.Debug|Any CPU.ActiveCfg = Debug|Any CPU
		{98384AE4-37EB-4C51-9C4C-5116BC88F46E}.Debug|Any CPU.Build.0 = Debug|Any CPU
		{98384AE4-37EB-4C51-9C4C-5116BC88F46E}.Release|Any CPU.ActiveCfg = Release|Any CPU
		{98384AE4-37EB-4C51-9C4C-5116BC88F46E}.Release|Any CPU.Build.0 = Release|Any CPU
		{3BDB9013-911A-47FB-B37C-527C8BB62BC4}.Debug|Any CPU.ActiveCfg = Debug|Any CPU
		{3BDB9013-911A-47FB-B37C-527C8BB62BC4}.Debug|Any CPU.Build.0 = Debug|Any CPU
		{3BDB9013-911A-47FB-B37C-527C8BB62BC4}.Release|Any CPU.ActiveCfg = Release|Any CPU
		{3BDB9013-911A-47FB-B37C-527C8BB62BC4}.Release|Any CPU.Build.0 = Release|Any CPU
		{53581388-BEE4-454C-AA99-71DAACE0A0B6}.Debug|Any CPU.ActiveCfg = Debug|Any CPU
		{53581388-BEE4-454C-AA99-71DAACE0A0B6}.Debug|Any CPU.Build.0 = Debug|Any CPU
		{53581388-BEE4-454C-AA99-71DAACE0A0B6}.Release|Any CPU.ActiveCfg = Release|Any CPU
		{53581388-BEE4-454C-AA99-71DAACE0A0B6}.Release|Any CPU.Build.0 = Release|Any CPU
		{5E5DE100-C0DA-43E2-8D7C-90A1D691E6BB}.Debug|Any CPU.ActiveCfg = Debug|Any CPU
		{5E5DE100-C0DA-43E2-8D7C-90A1D691E6BB}.Debug|Any CPU.Build.0 = Debug|Any CPU
		{5E5DE100-C0DA-43E2-8D7C-90A1D691E6BB}.Release|Any CPU.ActiveCfg = Release|Any CPU
		{5E5DE100-C0DA-43E2-8D7C-90A1D691E6BB}.Release|Any CPU.Build.0 = Release|Any CPU
		{1EA94232-123A-436D-8413-9CE96B047ED8}.Debug|Any CPU.ActiveCfg = Debug|Any CPU
		{1EA94232-123A-436D-8413-9CE96B047ED8}.Debug|Any CPU.Build.0 = Debug|Any CPU
		{1EA94232-123A-436D-8413-9CE96B047ED8}.Release|Any CPU.ActiveCfg = Release|Any CPU
		{1EA94232-123A-436D-8413-9CE96B047ED8}.Release|Any CPU.Build.0 = Release|Any CPU
		{3665E152-EE1F-4FDD-89F4-656C5CD68621}.Debug|Any CPU.ActiveCfg = Debug|Any CPU
		{3665E152-EE1F-4FDD-89F4-656C5CD68621}.Debug|Any CPU.Build.0 = Debug|Any CPU
		{3665E152-EE1F-4FDD-89F4-656C5CD68621}.Release|Any CPU.ActiveCfg = Release|Any CPU
		{3665E152-EE1F-4FDD-89F4-656C5CD68621}.Release|Any CPU.Build.0 = Release|Any CPU
	EndGlobalSection
	GlobalSection(SolutionProperties) = preSolution
		HideSolutionNode = FALSE
	EndGlobalSection
	GlobalSection(ExtensibilityGlobals) = postSolution
		SolutionGuid = {6DE3648C-0BCF-4BC8-A570-EDC4E71CAA05}
	EndGlobalSection
EndGlobal
